// !$*UTF8*$!
{
	archiveVersion = 1;
	classes = {
	};
	objectVersion = 46;
	objects = {

/* Begin PBXBuildFile section */
		2904614F1F0108AC009A5C86 /* SPeedMaxViewController.m in Sources */ = {isa = PBXBuildFile; fileRef = 2904614D1F0108AC009A5C86 /* SPeedMaxViewController.m */; };
		2923C0131F282A2D000A5FA0 /* AVPlayerViewController1.m in Sources */ = {isa = PBXBuildFile; fileRef = 2923C0121F282A2D000A5FA0 /* AVPlayerViewController1.m */; };
		2923C0151F2837B0000A5FA0 /* zzh_gumu.mp4 in Resources */ = {isa = PBXBuildFile; fileRef = 2923C0141F2837B0000A5FA0 /* zzh_gumu.mp4 */; };
		2923C01A1F283947000A5FA0 /* lh_qyc.mp4 in Resources */ = {isa = PBXBuildFile; fileRef = 2923C0191F283947000A5FA0 /* lh_qyc.mp4 */; };
		2923C01D1F287501000A5FA0 /* AVplayerDownView.m in Sources */ = {isa = PBXBuildFile; fileRef = 2923C01C1F287501000A5FA0 /* AVplayerDownView.m */; };
		2923C01F1F287528000A5FA0 /* AVplayerDownView.xib in Resources */ = {isa = PBXBuildFile; fileRef = 2923C01E1F287528000A5FA0 /* AVplayerDownView.xib */; };
		2923C0221F28835B000A5FA0 /* AVPlayerContentModel.m in Sources */ = {isa = PBXBuildFile; fileRef = 2923C0211F28835B000A5FA0 /* AVPlayerContentModel.m */; };
		2923C0251F2883B1000A5FA0 /* AVPlayerTableViewDelegateAndDataSource.m in Sources */ = {isa = PBXBuildFile; fileRef = 2923C0241F2883B1000A5FA0 /* AVPlayerTableViewDelegateAndDataSource.m */; };
		292500301F2731060021270F /* libUMessage_Sdk_1.5.0.a in Frameworks */ = {isa = PBXBuildFile; fileRef = 2925002E1F2731060021270F /* libUMessage_Sdk_1.5.0.a */; };
		292500321F27311A0021270F /* UserNotifications.framework in Frameworks */ = {isa = PBXBuildFile; fileRef = 292500311F27311A0021270F /* UserNotifications.framework */; };
		292D49331F18701200715017 /* ShowZoneViewController.m in Sources */ = {isa = PBXBuildFile; fileRef = 292D49321F18701200715017 /* ShowZoneViewController.m */; };
		2939C5FD1E55853200187BE3 /* SmileViewController.m in Sources */ = {isa = PBXBuildFile; fileRef = 2939C5FC1E55853200187BE3 /* SmileViewController.m */; };
		2939C6021E55A0D700187BE3 /* smileModel.m in Sources */ = {isa = PBXBuildFile; fileRef = 2939C6011E55A0D700187BE3 /* smileModel.m */; };
		2939C6051E55BA1A00187BE3 /* smilenextViewController.m in Sources */ = {isa = PBXBuildFile; fileRef = 2939C6041E55BA1A00187BE3 /* smilenextViewController.m */; };
		294ABDAA1E6909FF003AEF0D /* lookBianViewController.m in Sources */ = {isa = PBXBuildFile; fileRef = 294ABDA91E6909FF003AEF0D /* lookBianViewController.m */; };
		294ABDAD1E690CF1003AEF0D /* showBianViewController.m in Sources */ = {isa = PBXBuildFile; fileRef = 294ABDAC1E690CF1003AEF0D /* showBianViewController.m */; };
		29532DB71E5BF45D00CBB8E5 /* QuartzCore.framework in Frameworks */ = {isa = PBXBuildFile; fileRef = 29532DB61E5BF45D00CBB8E5 /* QuartzCore.framework */; };
		29532DBD1E5BF4A500CBB8E5 /* 樱花瓣1.png in Resources */ = {isa = PBXBuildFile; fileRef = 29532DB81E5BF4A500CBB8E5 /* 樱花瓣1.png */; };
		29532DBE1E5BF4A500CBB8E5 /* 樱花瓣2.png in Resources */ = {isa = PBXBuildFile; fileRef = 29532DB91E5BF4A500CBB8E5 /* 樱花瓣2.png */; };
		29532DC41E5C0FA300CBB8E5 /* SYLoadingLoopView.m in Sources */ = {isa = PBXBuildFile; fileRef = 29532DC31E5C0FA300CBB8E5 /* SYLoadingLoopView.m */; };
		297295A41E68348000624F69 /* BianBianViewController.m in Sources */ = {isa = PBXBuildFile; fileRef = 297295A31E68348000624F69 /* BianBianViewController.m */; };
		297295A81E683FBA00624F69 /* BianModel.m in Sources */ = {isa = PBXBuildFile; fileRef = 297295A71E683FBA00624F69 /* BianModel.m */; };
		298A5FAC1C8D23B60056AF35 /* tabbar_me@2x.png in Resources */ = {isa = PBXBuildFile; fileRef = 298A5FA81C8D23B60056AF35 /* tabbar_me@2x.png */; };
		298A5FAD1C8D23B60056AF35 /* tabbar_me@3x.png in Resources */ = {isa = PBXBuildFile; fileRef = 298A5FA91C8D23B60056AF35 /* tabbar_me@3x.png */; };
		298A5FAE1C8D23B60056AF35 /* tabbar_meHL@2x.png in Resources */ = {isa = PBXBuildFile; fileRef = 298A5FAA1C8D23B60056AF35 /* tabbar_meHL@2x.png */; };
		298A5FAF1C8D23B60056AF35 /* tabbar_meHL@3x.png in Resources */ = {isa = PBXBuildFile; fileRef = 298A5FAB1C8D23B60056AF35 /* tabbar_meHL@3x.png */; };
		298A5FB41C8D23C20056AF35 /* tabbar_discover@2x.png in Resources */ = {isa = PBXBuildFile; fileRef = 298A5FB01C8D23C20056AF35 /* tabbar_discover@2x.png */; };
		298A5FB51C8D23C20056AF35 /* tabbar_discover@3x.png in Resources */ = {isa = PBXBuildFile; fileRef = 298A5FB11C8D23C20056AF35 /* tabbar_discover@3x.png */; };
		298A5FB61C8D23C20056AF35 /* tabbar_discoverHL@2x.png in Resources */ = {isa = PBXBuildFile; fileRef = 298A5FB21C8D23C20056AF35 /* tabbar_discoverHL@2x.png */; };
		298A5FB71C8D23C20056AF35 /* tabbar_discoverHL@3x.png in Resources */ = {isa = PBXBuildFile; fileRef = 298A5FB31C8D23C20056AF35 /* tabbar_discoverHL@3x.png */; };
		298A5FBC1C8D2B420056AF35 /* showWebViewController.m in Sources */ = {isa = PBXBuildFile; fileRef = 298A5FBB1C8D2B420056AF35 /* showWebViewController.m */; };
		298A5FC11C8D2FC30056AF35 /* back@2x.png in Resources */ = {isa = PBXBuildFile; fileRef = 298A5FC01C8D2FC30056AF35 /* back@2x.png */; };
		298A5FC41C8D306E0056AF35 /* videoViewController.m in Sources */ = {isa = PBXBuildFile; fileRef = 298A5FC31C8D306E0056AF35 /* videoViewController.m */; };
		298A5FC71C8D608F0056AF35 /* playVideoViewController.m in Sources */ = {isa = PBXBuildFile; fileRef = 298A5FC61C8D608F0056AF35 /* playVideoViewController.m */; };
		298A5FCB1C8D744A0056AF35 /* main_cell.m in Sources */ = {isa = PBXBuildFile; fileRef = 298A5FCA1C8D744A0056AF35 /* main_cell.m */; };
		298A5FCD1C8D77480056AF35 /* 视频placeholer.jpg in Resources */ = {isa = PBXBuildFile; fileRef = 298A5FCC1C8D77480056AF35 /* 视频placeholer.jpg */; };
		298A5FD11C8D80460056AF35 /* video_model.m in Sources */ = {isa = PBXBuildFile; fileRef = 298A5FD01C8D80460056AF35 /* video_model.m */; };
		29A0038C1E5AEDB50007A4DD /* yue_scrollView.m in Sources */ = {isa = PBXBuildFile; fileRef = 29A0038B1E5AEDB50007A4DD /* yue_scrollView.m */; };
		29B49EBD1C8804DE00B53C5C /* main.m in Sources */ = {isa = PBXBuildFile; fileRef = 29B49EBC1C8804DE00B53C5C /* main.m */; };
		29B49EC01C8804DE00B53C5C /* AppDelegate.m in Sources */ = {isa = PBXBuildFile; fileRef = 29B49EBF1C8804DE00B53C5C /* AppDelegate.m */; };
		29B49EC61C8804DE00B53C5C /* Main.storyboard in Resources */ = {isa = PBXBuildFile; fileRef = 29B49EC41C8804DE00B53C5C /* Main.storyboard */; };
		29B49EC81C8804DE00B53C5C /* Assets.xcassets in Resources */ = {isa = PBXBuildFile; fileRef = 29B49EC71C8804DE00B53C5C /* Assets.xcassets */; };
		29B49ECB1C8804DE00B53C5C /* LaunchScreen.storyboard in Resources */ = {isa = PBXBuildFile; fileRef = 29B49EC91C8804DE00B53C5C /* LaunchScreen.storyboard */; };
		29B49ED61C8804DE00B53C5C /* MingTuTests.m in Sources */ = {isa = PBXBuildFile; fileRef = 29B49ED51C8804DE00B53C5C /* MingTuTests.m */; };
		29B49EE11C8804DE00B53C5C /* MingTuUITests.m in Sources */ = {isa = PBXBuildFile; fileRef = 29B49EE01C8804DE00B53C5C /* MingTuUITests.m */; };
		29B49EF01C881F1000B53C5C /* PersonalViewController.m in Sources */ = {isa = PBXBuildFile; fileRef = 29B49EEF1C881F1000B53C5C /* PersonalViewController.m */; };
		29B49EF31C881F1C00B53C5C /* MainViewController.m in Sources */ = {isa = PBXBuildFile; fileRef = 29B49EF21C881F1C00B53C5C /* MainViewController.m */; };
		29B49EF71C883D1F00B53C5C /* 小橘子2.jpg in Resources */ = {isa = PBXBuildFile; fileRef = 29B49EF61C883D1F00B53C5C /* 小橘子2.jpg */; };
		29B49F0F1C884E2000B53C5C /* UIView+Layout.m in Sources */ = {isa = PBXBuildFile; fileRef = 29B49F0E1C884E2000B53C5C /* UIView+Layout.m */; };
		29CC5D771C8E74FC003129DE /* playerViewController.m in Sources */ = {isa = PBXBuildFile; fileRef = 29CC5D761C8E74FC003129DE /* playerViewController.m */; };
		29CC5D7A1C8E7621003129DE /* player_model.m in Sources */ = {isa = PBXBuildFile; fileRef = 29CC5D791C8E7621003129DE /* player_model.m */; };
		29F482971F29995B00972B69 /* AVPlayerChatTableViewCell.m in Sources */ = {isa = PBXBuildFile; fileRef = 29F482951F29995B00972B69 /* AVPlayerChatTableViewCell.m */; };
		29F482981F29995B00972B69 /* AVPlayerChatTableViewCell.xib in Resources */ = {isa = PBXBuildFile; fileRef = 29F482961F29995B00972B69 /* AVPlayerChatTableViewCell.xib */; };
		29F4829C1F29C33B00972B69 /* ShowZone1ViewController.m in Sources */ = {isa = PBXBuildFile; fileRef = 29F4829A1F29C33B00972B69 /* ShowZone1ViewController.m */; };
		29F4829D1F29C33B00972B69 /* ShowZone1ViewController.xib in Resources */ = {isa = PBXBuildFile; fileRef = 29F4829B1F29C33B00972B69 /* ShowZone1ViewController.xib */; };
		29F482A31F29DB0700972B69 /* SocialViewController.m in Sources */ = {isa = PBXBuildFile; fileRef = 29F482A21F29DB0700972B69 /* SocialViewController.m */; };
		29F482A71F29E1CA00972B69 /* SocialTableViewCell.m in Sources */ = {isa = PBXBuildFile; fileRef = 29F482A51F29E1CA00972B69 /* SocialTableViewCell.m */; };
		29F482A81F29E1CA00972B69 /* SocialTableViewCell.xib in Resources */ = {isa = PBXBuildFile; fileRef = 29F482A61F29E1CA00972B69 /* SocialTableViewCell.xib */; };
		361C74441F07AFBE00D19B5A /* SpeedSecondViewController.m in Sources */ = {isa = PBXBuildFile; fileRef = 361C74431F07AFBE00D19B5A /* SpeedSecondViewController.m */; };
		4BB81DDB054118F2A88B8DA7 /* libPods-MingTu.a in Frameworks */ = {isa = PBXBuildFile; fileRef = 965385CF518DAB551107FA8F /* libPods-MingTu.a */; };
		BD36EA111E31F9870002D3CF /* renyeping.jpg in Resources */ = {isa = PBXBuildFile; fileRef = BD36EA101E31F9870002D3CF /* renyeping.jpg */; };
		BD36EA131E31FBB70002D3CF /* renyeping1.png in Resources */ = {isa = PBXBuildFile; fileRef = BD36EA121E31FBB70002D3CF /* renyeping1.png */; };
		BD36EA151E31FD8C0002D3CF /* renyeping2.png in Resources */ = {isa = PBXBuildFile; fileRef = BD36EA141E31FD8C0002D3CF /* renyeping2.png */; };
		BD3715441E4B172100B885EE /* selectPersonViewController.m in Sources */ = {isa = PBXBuildFile; fileRef = BD3715431E4B172100B885EE /* selectPersonViewController.m */; };
		BD3BB5231E4C40CC00BDD9CF /* yue_ViewController.m in Sources */ = {isa = PBXBuildFile; fileRef = BD3BB5221E4C40CC00BDD9CF /* yue_ViewController.m */; };
		BD66BE241DB8A98B00E4BD4E /* Security.framework in Frameworks */ = {isa = PBXBuildFile; fileRef = BD66BE231DB8A98B00E4BD4E /* Security.framework */; };
		BD66BE261DB8A99400E4BD4E /* libiconv.tbd in Frameworks */ = {isa = PBXBuildFile; fileRef = BD66BE251DB8A99400E4BD4E /* libiconv.tbd */; };
		BD66BE281DB8A9A000E4BD4E /* SystemConfiguration.framework in Frameworks */ = {isa = PBXBuildFile; fileRef = BD66BE271DB8A9A000E4BD4E /* SystemConfiguration.framework */; };
		BD66BE2A1DB8A9AE00E4BD4E /* CoreGraphics.framework in Frameworks */ = {isa = PBXBuildFile; fileRef = BD66BE291DB8A9AE00E4BD4E /* CoreGraphics.framework */; };
		BD66BE2C1DB8A9B800E4BD4E /* libsqlite3.tbd in Frameworks */ = {isa = PBXBuildFile; fileRef = BD66BE2B1DB8A9B800E4BD4E /* libsqlite3.tbd */; };
		BD66BE2E1DB8A9C200E4BD4E /* CoreTelephony.framework in Frameworks */ = {isa = PBXBuildFile; fileRef = BD66BE2D1DB8A9C200E4BD4E /* CoreTelephony.framework */; };
		BD66BE301DB8A9CC00E4BD4E /* libstdc++.tbd in Frameworks */ = {isa = PBXBuildFile; fileRef = BD66BE2F1DB8A9CC00E4BD4E /* libstdc++.tbd */; };
		BD66BE321DB8A9D400E4BD4E /* libz.tbd in Frameworks */ = {isa = PBXBuildFile; fileRef = BD66BE311DB8A9D400E4BD4E /* libz.tbd */; };
		BD66BE341DB8A9DB00E4BD4E /* CoreLocation.framework in Frameworks */ = {isa = PBXBuildFile; fileRef = BD66BE331DB8A9DB00E4BD4E /* CoreLocation.framework */; };
		BD66BE361DB8A9E300E4BD4E /* AssetsLibrary.framework in Frameworks */ = {isa = PBXBuildFile; fileRef = BD66BE351DB8A9E300E4BD4E /* AssetsLibrary.framework */; };
		BD66BE381DB8A9EC00E4BD4E /* AVFoundation.framework in Frameworks */ = {isa = PBXBuildFile; fileRef = BD66BE371DB8A9EC00E4BD4E /* AVFoundation.framework */; };
		BD66BE3A1DB8B0DF00E4BD4E /* libicucore.tbd in Frameworks */ = {isa = PBXBuildFile; fileRef = BD66BE391DB8B0DF00E4BD4E /* libicucore.tbd */; };
		BD66BE3C1DB8B0FB00E4BD4E /* JavaScriptCore.framework in Frameworks */ = {isa = PBXBuildFile; fileRef = BD66BE3B1DB8B0FB00E4BD4E /* JavaScriptCore.framework */; };
		BD66BE3E1DB8B10100E4BD4E /* ImageIO.framework in Frameworks */ = {isa = PBXBuildFile; fileRef = BD66BE3D1DB8B10100E4BD4E /* ImageIO.framework */; };
		BD66BE401DB8B12400E4BD4E /* MessageUI.framework in Frameworks */ = {isa = PBXBuildFile; fileRef = BD66BE3F1DB8B12400E4BD4E /* MessageUI.framework */; };
		BD6770F21E49617100907B6A /* PersonalTableViewCell.m in Sources */ = {isa = PBXBuildFile; fileRef = BD6770F11E49617100907B6A /* PersonalTableViewCell.m */; };
		BD6770F51E496A5C00907B6A /* personInformationViewController.m in Sources */ = {isa = PBXBuildFile; fileRef = BD6770F41E496A5C00907B6A /* personInformationViewController.m */; };
		BD6770F81E49712A00907B6A /* ZZH_LoadingProject.m in Sources */ = {isa = PBXBuildFile; fileRef = BD6770F71E49712A00907B6A /* ZZH_LoadingProject.m */; };
		BD6770FE1E49742700907B6A /* addFriendViewController.m in Sources */ = {isa = PBXBuildFile; fileRef = BD6770FD1E49742700907B6A /* addFriendViewController.m */; };
		BD6771011E49A01900907B6A /* personModel.m in Sources */ = {isa = PBXBuildFile; fileRef = BD6771001E49A01900907B6A /* personModel.m */; };
		BD705CE71D4A174D008B9A2A /* 水冰月.jpeg in Resources */ = {isa = PBXBuildFile; fileRef = BD705CE61D4A174D008B9A2A /* 水冰月.jpeg */; };
		BD832D2D1D3F4D8C00E8B7E5 /* exchangeViewController.m in Sources */ = {isa = PBXBuildFile; fileRef = BD832D2C1D3F4D8B00E8B7E5 /* exchangeViewController.m */; };
		BD8CC95F1E349022009BF861 /* AFHTTPSessionManager.m in Sources */ = {isa = PBXBuildFile; fileRef = BD8CC9531E349022009BF861 /* AFHTTPSessionManager.m */; };
		BD8CC9601E349022009BF861 /* AFNetworkReachabilityManager.m in Sources */ = {isa = PBXBuildFile; fileRef = BD8CC9561E349022009BF861 /* AFNetworkReachabilityManager.m */; };
		BD8CC9611E349022009BF861 /* AFSecurityPolicy.m in Sources */ = {isa = PBXBuildFile; fileRef = BD8CC9581E349022009BF861 /* AFSecurityPolicy.m */; };
		BD8CC9621E349022009BF861 /* AFURLRequestSerialization.m in Sources */ = {isa = PBXBuildFile; fileRef = BD8CC95A1E349022009BF861 /* AFURLRequestSerialization.m */; };
		BD8CC9631E349022009BF861 /* AFURLResponseSerialization.m in Sources */ = {isa = PBXBuildFile; fileRef = BD8CC95C1E349022009BF861 /* AFURLResponseSerialization.m */; };
		BD8CC9641E349022009BF861 /* AFURLSessionManager.m in Sources */ = {isa = PBXBuildFile; fileRef = BD8CC95E1E349022009BF861 /* AFURLSessionManager.m */; };
		BDFD0F1E1E34B325003030ED /* boringTableViewCell.m in Sources */ = {isa = PBXBuildFile; fileRef = BDFD0F1D1E34B325003030ED /* boringTableViewCell.m */; };
/* End PBXBuildFile section */

/* Begin PBXContainerItemProxy section */
		29B49ED21C8804DE00B53C5C /* PBXContainerItemProxy */ = {
			isa = PBXContainerItemProxy;
			containerPortal = 29B49EB01C8804DE00B53C5C /* Project object */;
			proxyType = 1;
			remoteGlobalIDString = 29B49EB71C8804DE00B53C5C;
			remoteInfo = MingTu;
		};
		29B49EDD1C8804DE00B53C5C /* PBXContainerItemProxy */ = {
			isa = PBXContainerItemProxy;
			containerPortal = 29B49EB01C8804DE00B53C5C /* Project object */;
			proxyType = 1;
			remoteGlobalIDString = 29B49EB71C8804DE00B53C5C;
			remoteInfo = MingTu;
		};
/* End PBXContainerItemProxy section */

/* Begin PBXFileReference section */
		2904614C1F0108AC009A5C86 /* SPeedMaxViewController.h */ = {isa = PBXFileReference; fileEncoding = 4; lastKnownFileType = sourcecode.c.h; path = SPeedMaxViewController.h; sourceTree = "<group>"; };
		2904614D1F0108AC009A5C86 /* SPeedMaxViewController.m */ = {isa = PBXFileReference; fileEncoding = 4; lastKnownFileType = sourcecode.c.objc; path = SPeedMaxViewController.m; sourceTree = "<group>"; };
		2923C0111F282A2D000A5FA0 /* AVPlayerViewController1.h */ = {isa = PBXFileReference; fileEncoding = 4; lastKnownFileType = sourcecode.c.h; path = AVPlayerViewController1.h; sourceTree = "<group>"; };
		2923C0121F282A2D000A5FA0 /* AVPlayerViewController1.m */ = {isa = PBXFileReference; fileEncoding = 4; lastKnownFileType = sourcecode.c.objc; path = AVPlayerViewController1.m; sourceTree = "<group>"; };
		2923C0141F2837B0000A5FA0 /* zzh_gumu.mp4 */ = {isa = PBXFileReference; lastKnownFileType = file; path = zzh_gumu.mp4; sourceTree = "<group>"; };
		2923C0191F283947000A5FA0 /* lh_qyc.mp4 */ = {isa = PBXFileReference; lastKnownFileType = file; path = lh_qyc.mp4; sourceTree = "<group>"; };
		2923C01B1F287501000A5FA0 /* AVplayerDownView.h */ = {isa = PBXFileReference; fileEncoding = 4; lastKnownFileType = sourcecode.c.h; path = AVplayerDownView.h; sourceTree = "<group>"; };
		2923C01C1F287501000A5FA0 /* AVplayerDownView.m */ = {isa = PBXFileReference; fileEncoding = 4; lastKnownFileType = sourcecode.c.objc; path = AVplayerDownView.m; sourceTree = "<group>"; };
		2923C01E1F287528000A5FA0 /* AVplayerDownView.xib */ = {isa = PBXFileReference; fileEncoding = 4; lastKnownFileType = file.xib; path = AVplayerDownView.xib; sourceTree = "<group>"; };
		2923C0201F28835B000A5FA0 /* AVPlayerContentModel.h */ = {isa = PBXFileReference; fileEncoding = 4; lastKnownFileType = sourcecode.c.h; path = AVPlayerContentModel.h; sourceTree = "<group>"; };
		2923C0211F28835B000A5FA0 /* AVPlayerContentModel.m */ = {isa = PBXFileReference; fileEncoding = 4; lastKnownFileType = sourcecode.c.objc; path = AVPlayerContentModel.m; sourceTree = "<group>"; };
		2923C0231F2883B1000A5FA0 /* AVPlayerTableViewDelegateAndDataSource.h */ = {isa = PBXFileReference; fileEncoding = 4; lastKnownFileType = sourcecode.c.h; path = AVPlayerTableViewDelegateAndDataSource.h; sourceTree = "<group>"; };
		2923C0241F2883B1000A5FA0 /* AVPlayerTableViewDelegateAndDataSource.m */ = {isa = PBXFileReference; fileEncoding = 4; lastKnownFileType = sourcecode.c.objc; path = AVPlayerTableViewDelegateAndDataSource.m; sourceTree = "<group>"; };
		2925002E1F2731060021270F /* libUMessage_Sdk_1.5.0.a */ = {isa = PBXFileReference; lastKnownFileType = archive.ar; path = libUMessage_Sdk_1.5.0.a; sourceTree = "<group>"; };
		2925002F1F2731060021270F /* UMessage.h */ = {isa = PBXFileReference; fileEncoding = 4; lastKnownFileType = sourcecode.c.h; path = UMessage.h; sourceTree = "<group>"; };
		292500311F27311A0021270F /* UserNotifications.framework */ = {isa = PBXFileReference; lastKnownFileType = wrapper.framework; name = UserNotifications.framework; path = System/Library/Frameworks/UserNotifications.framework; sourceTree = SDKROOT; };
		292500331F27313D0021270F /* MingTu.entitlements */ = {isa = PBXFileReference; lastKnownFileType = text.plist.entitlements; path = MingTu.entitlements; sourceTree = "<group>"; };
		292D49311F18701200715017 /* ShowZoneViewController.h */ = {isa = PBXFileReference; fileEncoding = 4; lastKnownFileType = sourcecode.c.h; path = ShowZoneViewController.h; sourceTree = "<group>"; };
		292D49321F18701200715017 /* ShowZoneViewController.m */ = {isa = PBXFileReference; fileEncoding = 4; lastKnownFileType = sourcecode.c.objc; path = ShowZoneViewController.m; sourceTree = "<group>"; };
		2939C5FB1E55853200187BE3 /* SmileViewController.h */ = {isa = PBXFileReference; fileEncoding = 4; lastKnownFileType = sourcecode.c.h; path = SmileViewController.h; sourceTree = "<group>"; };
		2939C5FC1E55853200187BE3 /* SmileViewController.m */ = {isa = PBXFileReference; fileEncoding = 4; lastKnownFileType = sourcecode.c.objc; path = SmileViewController.m; sourceTree = "<group>"; };
		2939C6001E55A0D700187BE3 /* smileModel.h */ = {isa = PBXFileReference; fileEncoding = 4; lastKnownFileType = sourcecode.c.h; path = smileModel.h; sourceTree = "<group>"; };
		2939C6011E55A0D700187BE3 /* smileModel.m */ = {isa = PBXFileReference; fileEncoding = 4; lastKnownFileType = sourcecode.c.objc; path = smileModel.m; sourceTree = "<group>"; };
		2939C6031E55BA1A00187BE3 /* smilenextViewController.h */ = {isa = PBXFileReference; fileEncoding = 4; lastKnownFileType = sourcecode.c.h; path = smilenextViewController.h; sourceTree = "<group>"; };
		2939C6041E55BA1A00187BE3 /* smilenextViewController.m */ = {isa = PBXFileReference; fileEncoding = 4; lastKnownFileType = sourcecode.c.objc; path = smilenextViewController.m; sourceTree = "<group>"; };
		294ABDA81E6909FF003AEF0D /* lookBianViewController.h */ = {isa = PBXFileReference; fileEncoding = 4; lastKnownFileType = sourcecode.c.h; path = lookBianViewController.h; sourceTree = "<group>"; };
		294ABDA91E6909FF003AEF0D /* lookBianViewController.m */ = {isa = PBXFileReference; fileEncoding = 4; lastKnownFileType = sourcecode.c.objc; path = lookBianViewController.m; sourceTree = "<group>"; };
		294ABDAB1E690CF1003AEF0D /* showBianViewController.h */ = {isa = PBXFileReference; fileEncoding = 4; lastKnownFileType = sourcecode.c.h; path = showBianViewController.h; sourceTree = "<group>"; };
		294ABDAC1E690CF1003AEF0D /* showBianViewController.m */ = {isa = PBXFileReference; fileEncoding = 4; lastKnownFileType = sourcecode.c.objc; path = showBianViewController.m; sourceTree = "<group>"; };
		29532DB61E5BF45D00CBB8E5 /* QuartzCore.framework */ = {isa = PBXFileReference; lastKnownFileType = wrapper.framework; name = QuartzCore.framework; path = System/Library/Frameworks/QuartzCore.framework; sourceTree = SDKROOT; };
		29532DB81E5BF4A500CBB8E5 /* 樱花瓣1.png */ = {isa = PBXFileReference; lastKnownFileType = image.png; path = "樱花瓣1.png"; sourceTree = "<group>"; };
		29532DB91E5BF4A500CBB8E5 /* 樱花瓣2.png */ = {isa = PBXFileReference; lastKnownFileType = image.png; path = "樱花瓣2.png"; sourceTree = "<group>"; };
		29532DC21E5C0FA300CBB8E5 /* SYLoadingLoopView.h */ = {isa = PBXFileReference; fileEncoding = 4; lastKnownFileType = sourcecode.c.h; path = SYLoadingLoopView.h; sourceTree = "<group>"; };
		29532DC31E5C0FA300CBB8E5 /* SYLoadingLoopView.m */ = {isa = PBXFileReference; fileEncoding = 4; lastKnownFileType = sourcecode.c.objc; path = SYLoadingLoopView.m; sourceTree = "<group>"; };
		297295A21E68348000624F69 /* BianBianViewController.h */ = {isa = PBXFileReference; fileEncoding = 4; lastKnownFileType = sourcecode.c.h; path = BianBianViewController.h; sourceTree = "<group>"; };
		297295A31E68348000624F69 /* BianBianViewController.m */ = {isa = PBXFileReference; fileEncoding = 4; lastKnownFileType = sourcecode.c.objc; path = BianBianViewController.m; sourceTree = "<group>"; };
		297295A61E683FBA00624F69 /* BianModel.h */ = {isa = PBXFileReference; fileEncoding = 4; lastKnownFileType = sourcecode.c.h; path = BianModel.h; sourceTree = "<group>"; };
		297295A71E683FBA00624F69 /* BianModel.m */ = {isa = PBXFileReference; fileEncoding = 4; lastKnownFileType = sourcecode.c.objc; path = BianModel.m; sourceTree = "<group>"; };
		298A5FA81C8D23B60056AF35 /* tabbar_me@2x.png */ = {isa = PBXFileReference; lastKnownFileType = image.png; path = "tabbar_me@2x.png"; sourceTree = "<group>"; };
		298A5FA91C8D23B60056AF35 /* tabbar_me@3x.png */ = {isa = PBXFileReference; lastKnownFileType = image.png; path = "tabbar_me@3x.png"; sourceTree = "<group>"; };
		298A5FAA1C8D23B60056AF35 /* tabbar_meHL@2x.png */ = {isa = PBXFileReference; lastKnownFileType = image.png; path = "tabbar_meHL@2x.png"; sourceTree = "<group>"; };
		298A5FAB1C8D23B60056AF35 /* tabbar_meHL@3x.png */ = {isa = PBXFileReference; lastKnownFileType = image.png; path = "tabbar_meHL@3x.png"; sourceTree = "<group>"; };
		298A5FB01C8D23C20056AF35 /* tabbar_discover@2x.png */ = {isa = PBXFileReference; lastKnownFileType = image.png; path = "tabbar_discover@2x.png"; sourceTree = "<group>"; };
		298A5FB11C8D23C20056AF35 /* tabbar_discover@3x.png */ = {isa = PBXFileReference; lastKnownFileType = image.png; path = "tabbar_discover@3x.png"; sourceTree = "<group>"; };
		298A5FB21C8D23C20056AF35 /* tabbar_discoverHL@2x.png */ = {isa = PBXFileReference; lastKnownFileType = image.png; path = "tabbar_discoverHL@2x.png"; sourceTree = "<group>"; };
		298A5FB31C8D23C20056AF35 /* tabbar_discoverHL@3x.png */ = {isa = PBXFileReference; lastKnownFileType = image.png; path = "tabbar_discoverHL@3x.png"; sourceTree = "<group>"; };
		298A5FBA1C8D2B420056AF35 /* showWebViewController.h */ = {isa = PBXFileReference; fileEncoding = 4; lastKnownFileType = sourcecode.c.h; path = showWebViewController.h; sourceTree = "<group>"; };
		298A5FBB1C8D2B420056AF35 /* showWebViewController.m */ = {isa = PBXFileReference; fileEncoding = 4; lastKnownFileType = sourcecode.c.objc; path = showWebViewController.m; sourceTree = "<group>"; wrapsLines = 0; };
		298A5FBD1C8D2BB50056AF35 /* URL.h */ = {isa = PBXFileReference; lastKnownFileType = sourcecode.c.h; path = URL.h; sourceTree = "<group>"; };
		298A5FC01C8D2FC30056AF35 /* back@2x.png */ = {isa = PBXFileReference; lastKnownFileType = image.png; path = "back@2x.png"; sourceTree = "<group>"; };
		298A5FC21C8D306E0056AF35 /* videoViewController.h */ = {isa = PBXFileReference; fileEncoding = 4; lastKnownFileType = sourcecode.c.h; path = videoViewController.h; sourceTree = "<group>"; };
		298A5FC31C8D306E0056AF35 /* videoViewController.m */ = {isa = PBXFileReference; fileEncoding = 4; lastKnownFileType = sourcecode.c.objc; path = videoViewController.m; sourceTree = "<group>"; };
		298A5FC51C8D608F0056AF35 /* playVideoViewController.h */ = {isa = PBXFileReference; fileEncoding = 4; lastKnownFileType = sourcecode.c.h; path = playVideoViewController.h; sourceTree = "<group>"; };
		298A5FC61C8D608F0056AF35 /* playVideoViewController.m */ = {isa = PBXFileReference; fileEncoding = 4; lastKnownFileType = sourcecode.c.objc; path = playVideoViewController.m; sourceTree = "<group>"; };
		298A5FC91C8D744A0056AF35 /* main_cell.h */ = {isa = PBXFileReference; fileEncoding = 4; lastKnownFileType = sourcecode.c.h; path = main_cell.h; sourceTree = "<group>"; };
		298A5FCA1C8D744A0056AF35 /* main_cell.m */ = {isa = PBXFileReference; fileEncoding = 4; lastKnownFileType = sourcecode.c.objc; path = main_cell.m; sourceTree = "<group>"; };
		298A5FCC1C8D77480056AF35 /* 视频placeholer.jpg */ = {isa = PBXFileReference; lastKnownFileType = image.jpeg; path = "视频placeholer.jpg"; sourceTree = "<group>"; };
		298A5FCF1C8D80460056AF35 /* video_model.h */ = {isa = PBXFileReference; fileEncoding = 4; lastKnownFileType = sourcecode.c.h; path = video_model.h; sourceTree = "<group>"; };
		298A5FD01C8D80460056AF35 /* video_model.m */ = {isa = PBXFileReference; fileEncoding = 4; lastKnownFileType = sourcecode.c.objc; path = video_model.m; sourceTree = "<group>"; };
		29A0038A1E5AEDB50007A4DD /* yue_scrollView.h */ = {isa = PBXFileReference; fileEncoding = 4; lastKnownFileType = sourcecode.c.h; path = yue_scrollView.h; sourceTree = "<group>"; };
		29A0038B1E5AEDB50007A4DD /* yue_scrollView.m */ = {isa = PBXFileReference; fileEncoding = 4; lastKnownFileType = sourcecode.c.objc; path = yue_scrollView.m; sourceTree = "<group>"; };
		29B49EB81C8804DE00B53C5C /* MingTu.app */ = {isa = PBXFileReference; explicitFileType = wrapper.application; includeInIndex = 0; path = MingTu.app; sourceTree = BUILT_PRODUCTS_DIR; };
		29B49EBC1C8804DE00B53C5C /* main.m */ = {isa = PBXFileReference; lastKnownFileType = sourcecode.c.objc; path = main.m; sourceTree = "<group>"; };
		29B49EBE1C8804DE00B53C5C /* AppDelegate.h */ = {isa = PBXFileReference; lastKnownFileType = sourcecode.c.h; path = AppDelegate.h; sourceTree = "<group>"; };
		29B49EBF1C8804DE00B53C5C /* AppDelegate.m */ = {isa = PBXFileReference; lastKnownFileType = sourcecode.c.objc; path = AppDelegate.m; sourceTree = "<group>"; };
		29B49EC51C8804DE00B53C5C /* Base */ = {isa = PBXFileReference; lastKnownFileType = file.storyboard; name = Base; path = Base.lproj/Main.storyboard; sourceTree = "<group>"; };
		29B49EC71C8804DE00B53C5C /* Assets.xcassets */ = {isa = PBXFileReference; lastKnownFileType = folder.assetcatalog; path = Assets.xcassets; sourceTree = "<group>"; };
		29B49ECA1C8804DE00B53C5C /* Base */ = {isa = PBXFileReference; lastKnownFileType = file.storyboard; name = Base; path = Base.lproj/LaunchScreen.storyboard; sourceTree = "<group>"; };
		29B49ECC1C8804DE00B53C5C /* Info.plist */ = {isa = PBXFileReference; lastKnownFileType = text.plist.xml; path = Info.plist; sourceTree = "<group>"; };
		29B49ED11C8804DE00B53C5C /* MingTuTests.xctest */ = {isa = PBXFileReference; explicitFileType = wrapper.cfbundle; includeInIndex = 0; path = MingTuTests.xctest; sourceTree = BUILT_PRODUCTS_DIR; };
		29B49ED51C8804DE00B53C5C /* MingTuTests.m */ = {isa = PBXFileReference; lastKnownFileType = sourcecode.c.objc; path = MingTuTests.m; sourceTree = "<group>"; };
		29B49ED71C8804DE00B53C5C /* Info.plist */ = {isa = PBXFileReference; lastKnownFileType = text.plist.xml; path = Info.plist; sourceTree = "<group>"; };
		29B49EDC1C8804DE00B53C5C /* MingTuUITests.xctest */ = {isa = PBXFileReference; explicitFileType = wrapper.cfbundle; includeInIndex = 0; path = MingTuUITests.xctest; sourceTree = BUILT_PRODUCTS_DIR; };
		29B49EE01C8804DE00B53C5C /* MingTuUITests.m */ = {isa = PBXFileReference; lastKnownFileType = sourcecode.c.objc; path = MingTuUITests.m; sourceTree = "<group>"; };
		29B49EE21C8804DE00B53C5C /* Info.plist */ = {isa = PBXFileReference; lastKnownFileType = text.plist.xml; path = Info.plist; sourceTree = "<group>"; };
		29B49EEE1C881F1000B53C5C /* PersonalViewController.h */ = {isa = PBXFileReference; fileEncoding = 4; lastKnownFileType = sourcecode.c.h; path = PersonalViewController.h; sourceTree = "<group>"; };
		29B49EEF1C881F1000B53C5C /* PersonalViewController.m */ = {isa = PBXFileReference; fileEncoding = 4; lastKnownFileType = sourcecode.c.objc; path = PersonalViewController.m; sourceTree = "<group>"; };
		29B49EF11C881F1C00B53C5C /* MainViewController.h */ = {isa = PBXFileReference; fileEncoding = 4; lastKnownFileType = sourcecode.c.h; path = MainViewController.h; sourceTree = "<group>"; };
		29B49EF21C881F1C00B53C5C /* MainViewController.m */ = {isa = PBXFileReference; fileEncoding = 4; lastKnownFileType = sourcecode.c.objc; path = MainViewController.m; sourceTree = "<group>"; };
		29B49EF41C88235900B53C5C /* Header.h */ = {isa = PBXFileReference; lastKnownFileType = sourcecode.c.h; path = Header.h; sourceTree = "<group>"; };
		29B49EF61C883D1F00B53C5C /* 小橘子2.jpg */ = {isa = PBXFileReference; lastKnownFileType = image.jpeg; path = "小橘子2.jpg"; sourceTree = "<group>"; };
		29B49F0D1C884E2000B53C5C /* UIView+Layout.h */ = {isa = PBXFileReference; fileEncoding = 4; lastKnownFileType = sourcecode.c.h; path = "UIView+Layout.h"; sourceTree = "<group>"; };
		29B49F0E1C884E2000B53C5C /* UIView+Layout.m */ = {isa = PBXFileReference; fileEncoding = 4; lastKnownFileType = sourcecode.c.objc; path = "UIView+Layout.m"; sourceTree = "<group>"; };
		29CC5D751C8E74FC003129DE /* playerViewController.h */ = {isa = PBXFileReference; fileEncoding = 4; lastKnownFileType = sourcecode.c.h; path = playerViewController.h; sourceTree = "<group>"; };
		29CC5D761C8E74FC003129DE /* playerViewController.m */ = {isa = PBXFileReference; fileEncoding = 4; lastKnownFileType = sourcecode.c.objc; path = playerViewController.m; sourceTree = "<group>"; };
		29CC5D781C8E7621003129DE /* player_model.h */ = {isa = PBXFileReference; fileEncoding = 4; lastKnownFileType = sourcecode.c.h; path = player_model.h; sourceTree = "<group>"; };
		29CC5D791C8E7621003129DE /* player_model.m */ = {isa = PBXFileReference; fileEncoding = 4; lastKnownFileType = sourcecode.c.objc; path = player_model.m; sourceTree = "<group>"; };
		29F482941F29995B00972B69 /* AVPlayerChatTableViewCell.h */ = {isa = PBXFileReference; fileEncoding = 4; lastKnownFileType = sourcecode.c.h; path = AVPlayerChatTableViewCell.h; sourceTree = "<group>"; };
		29F482951F29995B00972B69 /* AVPlayerChatTableViewCell.m */ = {isa = PBXFileReference; fileEncoding = 4; lastKnownFileType = sourcecode.c.objc; path = AVPlayerChatTableViewCell.m; sourceTree = "<group>"; };
		29F482961F29995B00972B69 /* AVPlayerChatTableViewCell.xib */ = {isa = PBXFileReference; fileEncoding = 4; lastKnownFileType = file.xib; path = AVPlayerChatTableViewCell.xib; sourceTree = "<group>"; };
		29F482991F29C33B00972B69 /* ShowZone1ViewController.h */ = {isa = PBXFileReference; fileEncoding = 4; lastKnownFileType = sourcecode.c.h; path = ShowZone1ViewController.h; sourceTree = "<group>"; };
		29F4829A1F29C33B00972B69 /* ShowZone1ViewController.m */ = {isa = PBXFileReference; fileEncoding = 4; lastKnownFileType = sourcecode.c.objc; path = ShowZone1ViewController.m; sourceTree = "<group>"; };
		29F4829B1F29C33B00972B69 /* ShowZone1ViewController.xib */ = {isa = PBXFileReference; fileEncoding = 4; lastKnownFileType = file.xib; path = ShowZone1ViewController.xib; sourceTree = "<group>"; };
		29F482A11F29DB0700972B69 /* SocialViewController.h */ = {isa = PBXFileReference; fileEncoding = 4; lastKnownFileType = sourcecode.c.h; path = SocialViewController.h; sourceTree = "<group>"; };
		29F482A21F29DB0700972B69 /* SocialViewController.m */ = {isa = PBXFileReference; fileEncoding = 4; lastKnownFileType = sourcecode.c.objc; path = SocialViewController.m; sourceTree = "<group>"; };
		29F482A41F29E1CA00972B69 /* SocialTableViewCell.h */ = {isa = PBXFileReference; fileEncoding = 4; lastKnownFileType = sourcecode.c.h; path = SocialTableViewCell.h; sourceTree = "<group>"; };
		29F482A51F29E1CA00972B69 /* SocialTableViewCell.m */ = {isa = PBXFileReference; fileEncoding = 4; lastKnownFileType = sourcecode.c.objc; path = SocialTableViewCell.m; sourceTree = "<group>"; };
		29F482A61F29E1CA00972B69 /* SocialTableViewCell.xib */ = {isa = PBXFileReference; fileEncoding = 4; lastKnownFileType = file.xib; path = SocialTableViewCell.xib; sourceTree = "<group>"; };
		361C74421F07AFBD00D19B5A /* SpeedSecondViewController.h */ = {isa = PBXFileReference; fileEncoding = 4; lastKnownFileType = sourcecode.c.h; path = SpeedSecondViewController.h; sourceTree = "<group>"; };
		361C74431F07AFBE00D19B5A /* SpeedSecondViewController.m */ = {isa = PBXFileReference; fileEncoding = 4; lastKnownFileType = sourcecode.c.objc; path = SpeedSecondViewController.m; sourceTree = "<group>"; };
		965385CF518DAB551107FA8F /* libPods-MingTu.a */ = {isa = PBXFileReference; explicitFileType = archive.ar; includeInIndex = 0; path = "libPods-MingTu.a"; sourceTree = BUILT_PRODUCTS_DIR; };
		A96D29A2D4C1FC7C7AE09FF3 /* Pods-MingTu.release.xcconfig */ = {isa = PBXFileReference; includeInIndex = 1; lastKnownFileType = text.xcconfig; name = "Pods-MingTu.release.xcconfig"; path = "Pods/Target Support Files/Pods-MingTu/Pods-MingTu.release.xcconfig"; sourceTree = "<group>"; };
		AA6576C12FB1A5BBFC794BD0 /* Pods-MingTu.debug.xcconfig */ = {isa = PBXFileReference; includeInIndex = 1; lastKnownFileType = text.xcconfig; name = "Pods-MingTu.debug.xcconfig"; path = "Pods/Target Support Files/Pods-MingTu/Pods-MingTu.debug.xcconfig"; sourceTree = "<group>"; };
		BD36EA101E31F9870002D3CF /* renyeping.jpg */ = {isa = PBXFileReference; lastKnownFileType = image.jpeg; path = renyeping.jpg; sourceTree = "<group>"; };
		BD36EA121E31FBB70002D3CF /* renyeping1.png */ = {isa = PBXFileReference; lastKnownFileType = image.png; path = renyeping1.png; sourceTree = "<group>"; };
		BD36EA141E31FD8C0002D3CF /* renyeping2.png */ = {isa = PBXFileReference; lastKnownFileType = image.png; path = renyeping2.png; sourceTree = "<group>"; };
		BD3715421E4B172100B885EE /* selectPersonViewController.h */ = {isa = PBXFileReference; fileEncoding = 4; lastKnownFileType = sourcecode.c.h; path = selectPersonViewController.h; sourceTree = "<group>"; };
		BD3715431E4B172100B885EE /* selectPersonViewController.m */ = {isa = PBXFileReference; fileEncoding = 4; lastKnownFileType = sourcecode.c.objc; path = selectPersonViewController.m; sourceTree = "<group>"; };
		BD3BB5211E4C40CC00BDD9CF /* yue_ViewController.h */ = {isa = PBXFileReference; fileEncoding = 4; lastKnownFileType = sourcecode.c.h; path = yue_ViewController.h; sourceTree = "<group>"; };
		BD3BB5221E4C40CC00BDD9CF /* yue_ViewController.m */ = {isa = PBXFileReference; fileEncoding = 4; lastKnownFileType = sourcecode.c.objc; path = yue_ViewController.m; sourceTree = "<group>"; };
		BD3BB5261E4C532000BDD9CF /* xjjProtocol.h */ = {isa = PBXFileReference; lastKnownFileType = sourcecode.c.h; path = xjjProtocol.h; sourceTree = "<group>"; };
		BD66BE231DB8A98B00E4BD4E /* Security.framework */ = {isa = PBXFileReference; lastKnownFileType = wrapper.framework; name = Security.framework; path = System/Library/Frameworks/Security.framework; sourceTree = SDKROOT; };
		BD66BE251DB8A99400E4BD4E /* libiconv.tbd */ = {isa = PBXFileReference; lastKnownFileType = "sourcecode.text-based-dylib-definition"; name = libiconv.tbd; path = usr/lib/libiconv.tbd; sourceTree = SDKROOT; };
		BD66BE271DB8A9A000E4BD4E /* SystemConfiguration.framework */ = {isa = PBXFileReference; lastKnownFileType = wrapper.framework; name = SystemConfiguration.framework; path = System/Library/Frameworks/SystemConfiguration.framework; sourceTree = SDKROOT; };
		BD66BE291DB8A9AE00E4BD4E /* CoreGraphics.framework */ = {isa = PBXFileReference; lastKnownFileType = wrapper.framework; name = CoreGraphics.framework; path = System/Library/Frameworks/CoreGraphics.framework; sourceTree = SDKROOT; };
		BD66BE2B1DB8A9B800E4BD4E /* libsqlite3.tbd */ = {isa = PBXFileReference; lastKnownFileType = "sourcecode.text-based-dylib-definition"; name = libsqlite3.tbd; path = usr/lib/libsqlite3.tbd; sourceTree = SDKROOT; };
		BD66BE2D1DB8A9C200E4BD4E /* CoreTelephony.framework */ = {isa = PBXFileReference; lastKnownFileType = wrapper.framework; name = CoreTelephony.framework; path = System/Library/Frameworks/CoreTelephony.framework; sourceTree = SDKROOT; };
		BD66BE2F1DB8A9CC00E4BD4E /* libstdc++.tbd */ = {isa = PBXFileReference; lastKnownFileType = "sourcecode.text-based-dylib-definition"; name = "libstdc++.tbd"; path = "usr/lib/libstdc++.tbd"; sourceTree = SDKROOT; };
		BD66BE311DB8A9D400E4BD4E /* libz.tbd */ = {isa = PBXFileReference; lastKnownFileType = "sourcecode.text-based-dylib-definition"; name = libz.tbd; path = usr/lib/libz.tbd; sourceTree = SDKROOT; };
		BD66BE331DB8A9DB00E4BD4E /* CoreLocation.framework */ = {isa = PBXFileReference; lastKnownFileType = wrapper.framework; name = CoreLocation.framework; path = System/Library/Frameworks/CoreLocation.framework; sourceTree = SDKROOT; };
		BD66BE351DB8A9E300E4BD4E /* AssetsLibrary.framework */ = {isa = PBXFileReference; lastKnownFileType = wrapper.framework; name = AssetsLibrary.framework; path = System/Library/Frameworks/AssetsLibrary.framework; sourceTree = SDKROOT; };
		BD66BE371DB8A9EC00E4BD4E /* AVFoundation.framework */ = {isa = PBXFileReference; lastKnownFileType = wrapper.framework; name = AVFoundation.framework; path = System/Library/Frameworks/AVFoundation.framework; sourceTree = SDKROOT; };
		BD66BE391DB8B0DF00E4BD4E /* libicucore.tbd */ = {isa = PBXFileReference; lastKnownFileType = "sourcecode.text-based-dylib-definition"; name = libicucore.tbd; path = usr/lib/libicucore.tbd; sourceTree = SDKROOT; };
		BD66BE3B1DB8B0FB00E4BD4E /* JavaScriptCore.framework */ = {isa = PBXFileReference; lastKnownFileType = wrapper.framework; name = JavaScriptCore.framework; path = System/Library/Frameworks/JavaScriptCore.framework; sourceTree = SDKROOT; };
		BD66BE3D1DB8B10100E4BD4E /* ImageIO.framework */ = {isa = PBXFileReference; lastKnownFileType = wrapper.framework; name = ImageIO.framework; path = System/Library/Frameworks/ImageIO.framework; sourceTree = SDKROOT; };
		BD66BE3F1DB8B12400E4BD4E /* MessageUI.framework */ = {isa = PBXFileReference; lastKnownFileType = wrapper.framework; name = MessageUI.framework; path = System/Library/Frameworks/MessageUI.framework; sourceTree = SDKROOT; };
		BD6770F01E49617100907B6A /* PersonalTableViewCell.h */ = {isa = PBXFileReference; fileEncoding = 4; lastKnownFileType = sourcecode.c.h; path = PersonalTableViewCell.h; sourceTree = "<group>"; };
		BD6770F11E49617100907B6A /* PersonalTableViewCell.m */ = {isa = PBXFileReference; fileEncoding = 4; lastKnownFileType = sourcecode.c.objc; path = PersonalTableViewCell.m; sourceTree = "<group>"; };
		BD6770F31E496A5C00907B6A /* personInformationViewController.h */ = {isa = PBXFileReference; fileEncoding = 4; lastKnownFileType = sourcecode.c.h; path = personInformationViewController.h; sourceTree = "<group>"; };
		BD6770F41E496A5C00907B6A /* personInformationViewController.m */ = {isa = PBXFileReference; fileEncoding = 4; lastKnownFileType = sourcecode.c.objc; path = personInformationViewController.m; sourceTree = "<group>"; };
		BD6770F61E49712A00907B6A /* ZZH_LoadingProject.h */ = {isa = PBXFileReference; fileEncoding = 4; lastKnownFileType = sourcecode.c.h; path = ZZH_LoadingProject.h; sourceTree = "<group>"; };
		BD6770F71E49712A00907B6A /* ZZH_LoadingProject.m */ = {isa = PBXFileReference; fileEncoding = 4; lastKnownFileType = sourcecode.c.objc; path = ZZH_LoadingProject.m; sourceTree = "<group>"; };
		BD6770FC1E49742700907B6A /* addFriendViewController.h */ = {isa = PBXFileReference; fileEncoding = 4; lastKnownFileType = sourcecode.c.h; path = addFriendViewController.h; sourceTree = "<group>"; };
		BD6770FD1E49742700907B6A /* addFriendViewController.m */ = {isa = PBXFileReference; fileEncoding = 4; lastKnownFileType = sourcecode.c.objc; path = addFriendViewController.m; sourceTree = "<group>"; };
		BD6770FF1E49A01900907B6A /* personModel.h */ = {isa = PBXFileReference; fileEncoding = 4; lastKnownFileType = sourcecode.c.h; path = personModel.h; sourceTree = "<group>"; };
		BD6771001E49A01900907B6A /* personModel.m */ = {isa = PBXFileReference; fileEncoding = 4; lastKnownFileType = sourcecode.c.objc; path = personModel.m; sourceTree = "<group>"; };
		BD705CE61D4A174D008B9A2A /* 水冰月.jpeg */ = {isa = PBXFileReference; lastKnownFileType = image.jpeg; path = "水冰月.jpeg"; sourceTree = "<group>"; };
		BD832D2B1D3F4D8B00E8B7E5 /* exchangeViewController.h */ = {isa = PBXFileReference; fileEncoding = 4; lastKnownFileType = sourcecode.c.h; path = exchangeViewController.h; sourceTree = "<group>"; };
		BD832D2C1D3F4D8B00E8B7E5 /* exchangeViewController.m */ = {isa = PBXFileReference; fileEncoding = 4; lastKnownFileType = sourcecode.c.objc; path = exchangeViewController.m; sourceTree = "<group>"; };
		BD8CC9521E349022009BF861 /* AFHTTPSessionManager.h */ = {isa = PBXFileReference; fileEncoding = 4; lastKnownFileType = sourcecode.c.h; path = AFHTTPSessionManager.h; sourceTree = "<group>"; };
		BD8CC9531E349022009BF861 /* AFHTTPSessionManager.m */ = {isa = PBXFileReference; fileEncoding = 4; lastKnownFileType = sourcecode.c.objc; path = AFHTTPSessionManager.m; sourceTree = "<group>"; };
		BD8CC9541E349022009BF861 /* AFNetworking.h */ = {isa = PBXFileReference; fileEncoding = 4; lastKnownFileType = sourcecode.c.h; path = AFNetworking.h; sourceTree = "<group>"; };
		BD8CC9551E349022009BF861 /* AFNetworkReachabilityManager.h */ = {isa = PBXFileReference; fileEncoding = 4; lastKnownFileType = sourcecode.c.h; path = AFNetworkReachabilityManager.h; sourceTree = "<group>"; };
		BD8CC9561E349022009BF861 /* AFNetworkReachabilityManager.m */ = {isa = PBXFileReference; fileEncoding = 4; lastKnownFileType = sourcecode.c.objc; path = AFNetworkReachabilityManager.m; sourceTree = "<group>"; };
		BD8CC9571E349022009BF861 /* AFSecurityPolicy.h */ = {isa = PBXFileReference; fileEncoding = 4; lastKnownFileType = sourcecode.c.h; path = AFSecurityPolicy.h; sourceTree = "<group>"; };
		BD8CC9581E349022009BF861 /* AFSecurityPolicy.m */ = {isa = PBXFileReference; fileEncoding = 4; lastKnownFileType = sourcecode.c.objc; path = AFSecurityPolicy.m; sourceTree = "<group>"; };
		BD8CC9591E349022009BF861 /* AFURLRequestSerialization.h */ = {isa = PBXFileReference; fileEncoding = 4; lastKnownFileType = sourcecode.c.h; path = AFURLRequestSerialization.h; sourceTree = "<group>"; };
		BD8CC95A1E349022009BF861 /* AFURLRequestSerialization.m */ = {isa = PBXFileReference; fileEncoding = 4; lastKnownFileType = sourcecode.c.objc; path = AFURLRequestSerialization.m; sourceTree = "<group>"; };
		BD8CC95B1E349022009BF861 /* AFURLResponseSerialization.h */ = {isa = PBXFileReference; fileEncoding = 4; lastKnownFileType = sourcecode.c.h; path = AFURLResponseSerialization.h; sourceTree = "<group>"; };
		BD8CC95C1E349022009BF861 /* AFURLResponseSerialization.m */ = {isa = PBXFileReference; fileEncoding = 4; lastKnownFileType = sourcecode.c.objc; path = AFURLResponseSerialization.m; sourceTree = "<group>"; };
		BD8CC95D1E349022009BF861 /* AFURLSessionManager.h */ = {isa = PBXFileReference; fileEncoding = 4; lastKnownFileType = sourcecode.c.h; path = AFURLSessionManager.h; sourceTree = "<group>"; };
		BD8CC95E1E349022009BF861 /* AFURLSessionManager.m */ = {isa = PBXFileReference; fileEncoding = 4; lastKnownFileType = sourcecode.c.objc; path = AFURLSessionManager.m; sourceTree = "<group>"; };
		BDFD0F1C1E34B325003030ED /* boringTableViewCell.h */ = {isa = PBXFileReference; fileEncoding = 4; lastKnownFileType = sourcecode.c.h; path = boringTableViewCell.h; sourceTree = "<group>"; };
		BDFD0F1D1E34B325003030ED /* boringTableViewCell.m */ = {isa = PBXFileReference; fileEncoding = 4; lastKnownFileType = sourcecode.c.objc; path = boringTableViewCell.m; sourceTree = "<group>"; };
/* End PBXFileReference section */

/* Begin PBXFrameworksBuildPhase section */
		29B49EB51C8804DE00B53C5C /* Frameworks */ = {
			isa = PBXFrameworksBuildPhase;
			buildActionMask = 2147483647;
			files = (
				292500321F27311A0021270F /* UserNotifications.framework in Frameworks */,
				29532DB71E5BF45D00CBB8E5 /* QuartzCore.framework in Frameworks */,
				BD66BE401DB8B12400E4BD4E /* MessageUI.framework in Frameworks */,
				BD66BE2C1DB8A9B800E4BD4E /* libsqlite3.tbd in Frameworks */,
				292500301F2731060021270F /* libUMessage_Sdk_1.5.0.a in Frameworks */,
				BD66BE3E1DB8B10100E4BD4E /* ImageIO.framework in Frameworks */,
				BD66BE3C1DB8B0FB00E4BD4E /* JavaScriptCore.framework in Frameworks */,
				BD66BE301DB8A9CC00E4BD4E /* libstdc++.tbd in Frameworks */,
				BD66BE321DB8A9D400E4BD4E /* libz.tbd in Frameworks */,
				BD66BE3A1DB8B0DF00E4BD4E /* libicucore.tbd in Frameworks */,
				BD66BE381DB8A9EC00E4BD4E /* AVFoundation.framework in Frameworks */,
				BD66BE361DB8A9E300E4BD4E /* AssetsLibrary.framework in Frameworks */,
				BD66BE341DB8A9DB00E4BD4E /* CoreLocation.framework in Frameworks */,
				BD66BE2E1DB8A9C200E4BD4E /* CoreTelephony.framework in Frameworks */,
				BD66BE2A1DB8A9AE00E4BD4E /* CoreGraphics.framework in Frameworks */,
				BD66BE281DB8A9A000E4BD4E /* SystemConfiguration.framework in Frameworks */,
				BD66BE261DB8A99400E4BD4E /* libiconv.tbd in Frameworks */,
				BD66BE241DB8A98B00E4BD4E /* Security.framework in Frameworks */,
				4BB81DDB054118F2A88B8DA7 /* libPods-MingTu.a in Frameworks */,
			);
			runOnlyForDeploymentPostprocessing = 0;
		};
		29B49ECE1C8804DE00B53C5C /* Frameworks */ = {
			isa = PBXFrameworksBuildPhase;
			buildActionMask = 2147483647;
			files = (
			);
			runOnlyForDeploymentPostprocessing = 0;
		};
		29B49ED91C8804DE00B53C5C /* Frameworks */ = {
			isa = PBXFrameworksBuildPhase;
			buildActionMask = 2147483647;
			files = (
			);
			runOnlyForDeploymentPostprocessing = 0;
		};
/* End PBXFrameworksBuildPhase section */

/* Begin PBXGroup section */
		2904614B1F010872009A5C86 /*  赛王 */ = {
			isa = PBXGroup;
			children = (
				2904614C1F0108AC009A5C86 /* SPeedMaxViewController.h */,
				2904614D1F0108AC009A5C86 /* SPeedMaxViewController.m */,
				361C74421F07AFBD00D19B5A /* SpeedSecondViewController.h */,
				361C74431F07AFBE00D19B5A /* SpeedSecondViewController.m */,
				2923C0111F282A2D000A5FA0 /* AVPlayerViewController1.h */,
				2923C0121F282A2D000A5FA0 /* AVPlayerViewController1.m */,
				2923C01B1F287501000A5FA0 /* AVplayerDownView.h */,
				2923C01C1F287501000A5FA0 /* AVplayerDownView.m */,
				2923C01E1F287528000A5FA0 /* AVplayerDownView.xib */,
				2923C0201F28835B000A5FA0 /* AVPlayerContentModel.h */,
				2923C0211F28835B000A5FA0 /* AVPlayerContentModel.m */,
				2923C0231F2883B1000A5FA0 /* AVPlayerTableViewDelegateAndDataSource.h */,
				2923C0241F2883B1000A5FA0 /* AVPlayerTableViewDelegateAndDataSource.m */,
				29F482941F29995B00972B69 /* AVPlayerChatTableViewCell.h */,
				29F482951F29995B00972B69 /* AVPlayerChatTableViewCell.m */,
				29F482961F29995B00972B69 /* AVPlayerChatTableViewCell.xib */,
				2923C0161F283870000A5FA0 /* 本地视频 */,
			);
			name = " 赛王";
			sourceTree = "<group>";
		};
		2923C0161F283870000A5FA0 /* 本地视频 */ = {
			isa = PBXGroup;
			children = (
				2923C0191F283947000A5FA0 /* lh_qyc.mp4 */,
				2923C0141F2837B0000A5FA0 /* zzh_gumu.mp4 */,
			);
			name = "本地视频";
			sourceTree = "<group>";
		};
		2925002D1F2731060021270F /* UMessage_Sdk_1.5.0 */ = {
			isa = PBXGroup;
			children = (
				2925002E1F2731060021270F /* libUMessage_Sdk_1.5.0.a */,
				2925002F1F2731060021270F /* UMessage.h */,
			);
			path = UMessage_Sdk_1.5.0;
			sourceTree = "<group>";
		};
		2939C5FA1E5584E300187BE3 /* 笑话 */ = {
			isa = PBXGroup;
			children = (
				2939C5FF1E55A0AA00187BE3 /* ViewController */,
				2939C5FE1E55A0A400187BE3 /* Model */,
			);
			name = "笑话";
			sourceTree = "<group>";
		};
		2939C5FE1E55A0A400187BE3 /* Model */ = {
			isa = PBXGroup;
			children = (
				2939C6001E55A0D700187BE3 /* smileModel.h */,
				2939C6011E55A0D700187BE3 /* smileModel.m */,
			);
			name = Model;
			sourceTree = "<group>";
		};
		2939C5FF1E55A0AA00187BE3 /* ViewController */ = {
			isa = PBXGroup;
			children = (
				2939C5FB1E55853200187BE3 /* SmileViewController.h */,
				2939C5FC1E55853200187BE3 /* SmileViewController.m */,
				2939C6031E55BA1A00187BE3 /* smilenextViewController.h */,
				2939C6041E55BA1A00187BE3 /* smilenextViewController.m */,
			);
			name = ViewController;
			sourceTree = "<group>";
		};
		297295A11E68346800624F69 /* BianBian */ = {
			isa = PBXGroup;
			children = (
				297295A51E683FA900624F69 /* model */,
				297295A21E68348000624F69 /* BianBianViewController.h */,
				297295A31E68348000624F69 /* BianBianViewController.m */,
				294ABDA81E6909FF003AEF0D /* lookBianViewController.h */,
				294ABDA91E6909FF003AEF0D /* lookBianViewController.m */,
				294ABDAB1E690CF1003AEF0D /* showBianViewController.h */,
				294ABDAC1E690CF1003AEF0D /* showBianViewController.m */,
			);
			name = BianBian;
			sourceTree = "<group>";
		};
		297295A51E683FA900624F69 /* model */ = {
			isa = PBXGroup;
			children = (
				297295A61E683FBA00624F69 /* BianModel.h */,
				297295A71E683FBA00624F69 /* BianModel.m */,
			);
			name = model;
			sourceTree = "<group>";
		};
		298A5FA71C8D21E40056AF35 /* Tabbar */ = {
			isa = PBXGroup;
			children = (
				298A5FB01C8D23C20056AF35 /* tabbar_discover@2x.png */,
				298A5FB11C8D23C20056AF35 /* tabbar_discover@3x.png */,
				298A5FB21C8D23C20056AF35 /* tabbar_discoverHL@2x.png */,
				298A5FB31C8D23C20056AF35 /* tabbar_discoverHL@3x.png */,
				298A5FA81C8D23B60056AF35 /* tabbar_me@2x.png */,
				298A5FA91C8D23B60056AF35 /* tabbar_me@3x.png */,
				298A5FAA1C8D23B60056AF35 /* tabbar_meHL@2x.png */,
				298A5FAB1C8D23B60056AF35 /* tabbar_meHL@3x.png */,
			);
			name = Tabbar;
			sourceTree = "<group>";
		};
		298A5FB81C8D28DF0056AF35 /* ToolView */ = {
			isa = PBXGroup;
			children = (
				29532DC21E5C0FA300CBB8E5 /* SYLoadingLoopView.h */,
				29532DC31E5C0FA300CBB8E5 /* SYLoadingLoopView.m */,
				298A5FBA1C8D2B420056AF35 /* showWebViewController.h */,
				298A5FBB1C8D2B420056AF35 /* showWebViewController.m */,
			);
			name = ToolView;
			path = MingTu;
			sourceTree = "<group>";
		};
		298A5FB91C8D29CC0056AF35 /* 主页Viewcontroller */ = {
			isa = PBXGroup;
			children = (
				BD3715411E4ACF0400B885EE /* 主页 */,
				29F4829E1F29D96B00972B69 /* 社交专区 */,
				29F4829F1F29D97500972B69 /* 业务专区 */,
				29F482A01F29D97B00972B69 /* 常用工具 */,
				2904614B1F010872009A5C86 /*  赛王 */,
				298A5FCE1C8D80300056AF35 /* Model */,
				298A5FC81C8D74270056AF35 /* View */,
				BD3BB5201E4C406400BDD9CF /* 约 */,
				2939C5FA1E5584E300187BE3 /* 笑话 */,
				BDFD0F191E34B2F4003030ED /* 无聊了 */,
			);
			name = "主页Viewcontroller";
			sourceTree = "<group>";
		};
		298A5FBE1C8D2C2B0056AF35 /* 个人中心 */ = {
			isa = PBXGroup;
			children = (
				297295A11E68346800624F69 /* BianBian */,
				BD6770EF1E495F2200907B6A /* Model */,
				BD6770EE1E495F1C00907B6A /* View */,
				BD6770ED1E495BD200907B6A /* ViewController */,
				BD705CE61D4A174D008B9A2A /* 水冰月.jpeg */,
			);
			name = "个人中心";
			sourceTree = "<group>";
		};
		298A5FBF1C8D2C460056AF35 /* 主页 */ = {
			isa = PBXGroup;
			children = (
				BD36EA121E31FBB70002D3CF /* renyeping1.png */,
				BD36EA141E31FD8C0002D3CF /* renyeping2.png */,
				BD36EA101E31F9870002D3CF /* renyeping.jpg */,
				298A5FCC1C8D77480056AF35 /* 视频placeholer.jpg */,
				29B49EF61C883D1F00B53C5C /* 小橘子2.jpg */,
				298A5FC01C8D2FC30056AF35 /* back@2x.png */,
			);
			name = "主页";
			sourceTree = "<group>";
		};
		298A5FC81C8D74270056AF35 /* View */ = {
			isa = PBXGroup;
			children = (
				298A5FC91C8D744A0056AF35 /* main_cell.h */,
				298A5FCA1C8D744A0056AF35 /* main_cell.m */,
			);
			name = View;
			sourceTree = "<group>";
		};
		298A5FCE1C8D80300056AF35 /* Model */ = {
			isa = PBXGroup;
			children = (
				298A5FCF1C8D80460056AF35 /* video_model.h */,
				298A5FD01C8D80460056AF35 /* video_model.m */,
				29CC5D781C8E7621003129DE /* player_model.h */,
				29CC5D791C8E7621003129DE /* player_model.m */,
			);
			name = Model;
			sourceTree = "<group>";
		};
		29B49EAF1C8804DE00B53C5C = {
			isa = PBXGroup;
			children = (
				29B49F0C1C884E1000B53C5C /* TOOL */,
				298A5FB81C8D28DF0056AF35 /* ToolView */,
				BD8CC7AE1E348C72009BF861 /* Lib */,
				29B49EBA1C8804DE00B53C5C /* MingTu */,
				29B49ED41C8804DE00B53C5C /* MingTuTests */,
				29B49EDF1C8804DE00B53C5C /* MingTuUITests */,
				29B49EB91C8804DE00B53C5C /* Products */,
				BD66BE221DB8A98A00E4BD4E /* Frameworks */,
				C2173933E5885D1108E375D9 /* Pods */,
			);
			sourceTree = "<group>";
		};
		29B49EB91C8804DE00B53C5C /* Products */ = {
			isa = PBXGroup;
			children = (
				29B49EB81C8804DE00B53C5C /* MingTu.app */,
				29B49ED11C8804DE00B53C5C /* MingTuTests.xctest */,
				29B49EDC1C8804DE00B53C5C /* MingTuUITests.xctest */,
			);
			name = Products;
			sourceTree = "<group>";
		};
		29B49EBA1C8804DE00B53C5C /* MingTu */ = {
			isa = PBXGroup;
			children = (
				292500331F27313D0021270F /* MingTu.entitlements */,
				29B49EF41C88235900B53C5C /* Header.h */,
				BD3BB5261E4C532000BDD9CF /* xjjProtocol.h */,
				29B49EBE1C8804DE00B53C5C /* AppDelegate.h */,
				29B49EBF1C8804DE00B53C5C /* AppDelegate.m */,
				298A5FB91C8D29CC0056AF35 /* 主页Viewcontroller */,
				298A5FBE1C8D2C2B0056AF35 /* 个人中心 */,
				29B49EF51C883A5100B53C5C /* 图片 */,
				29B49EC41C8804DE00B53C5C /* Main.storyboard */,
				29B49EC71C8804DE00B53C5C /* Assets.xcassets */,
				29B49EC91C8804DE00B53C5C /* LaunchScreen.storyboard */,
				29B49ECC1C8804DE00B53C5C /* Info.plist */,
				29B49EBB1C8804DE00B53C5C /* Supporting Files */,
			);
			path = MingTu;
			sourceTree = "<group>";
		};
		29B49EBB1C8804DE00B53C5C /* Supporting Files */ = {
			isa = PBXGroup;
			children = (
				29B49EBC1C8804DE00B53C5C /* main.m */,
			);
			name = "Supporting Files";
			sourceTree = "<group>";
		};
		29B49ED41C8804DE00B53C5C /* MingTuTests */ = {
			isa = PBXGroup;
			children = (
				29B49ED51C8804DE00B53C5C /* MingTuTests.m */,
				29B49ED71C8804DE00B53C5C /* Info.plist */,
			);
			path = MingTuTests;
			sourceTree = "<group>";
		};
		29B49EDF1C8804DE00B53C5C /* MingTuUITests */ = {
			isa = PBXGroup;
			children = (
				29B49EE01C8804DE00B53C5C /* MingTuUITests.m */,
				29B49EE21C8804DE00B53C5C /* Info.plist */,
			);
			path = MingTuUITests;
			sourceTree = "<group>";
		};
		29B49EF51C883A5100B53C5C /* 图片 */ = {
			isa = PBXGroup;
			children = (
				298A5FBF1C8D2C460056AF35 /* 主页 */,
				298A5FA71C8D21E40056AF35 /* Tabbar */,
			);
			name = "图片";
			sourceTree = "<group>";
		};
		29B49F0C1C884E1000B53C5C /* TOOL */ = {
			isa = PBXGroup;
			children = (
				2925002D1F2731060021270F /* UMessage_Sdk_1.5.0 */,
				298A5FBD1C8D2BB50056AF35 /* URL.h */,
				29B49F0D1C884E2000B53C5C /* UIView+Layout.h */,
				29B49F0E1C884E2000B53C5C /* UIView+Layout.m */,
			);
			name = TOOL;
			sourceTree = "<group>";
		};
		29F4829E1F29D96B00972B69 /* 社交专区 */ = {
			isa = PBXGroup;
			children = (
				29F482A11F29DB0700972B69 /* SocialViewController.h */,
				29F482A21F29DB0700972B69 /* SocialViewController.m */,
				29F482A41F29E1CA00972B69 /* SocialTableViewCell.h */,
				29F482A51F29E1CA00972B69 /* SocialTableViewCell.m */,
				29F482A61F29E1CA00972B69 /* SocialTableViewCell.xib */,
			);
			name = "社交专区";
			sourceTree = "<group>";
		};
		29F4829F1F29D97500972B69 /* 业务专区 */ = {
			isa = PBXGroup;
			children = (
			);
			name = "业务专区";
			sourceTree = "<group>";
		};
		29F482A01F29D97B00972B69 /* 常用工具 */ = {
			isa = PBXGroup;
			children = (
			);
			name = "常用工具";
			sourceTree = "<group>";
		};
		BD3715411E4ACF0400B885EE /* 主页 */ = {
			isa = PBXGroup;
			children = (
				29B49EF11C881F1C00B53C5C /* MainViewController.h */,
				29B49EF21C881F1C00B53C5C /* MainViewController.m */,
				298A5FC21C8D306E0056AF35 /* videoViewController.h */,
				298A5FC31C8D306E0056AF35 /* videoViewController.m */,
				298A5FC51C8D608F0056AF35 /* playVideoViewController.h */,
				298A5FC61C8D608F0056AF35 /* playVideoViewController.m */,
				29CC5D751C8E74FC003129DE /* playerViewController.h */,
				29CC5D761C8E74FC003129DE /* playerViewController.m */,
				29532DB81E5BF4A500CBB8E5 /* 樱花瓣1.png */,
				29532DB91E5BF4A500CBB8E5 /* 樱花瓣2.png */,
				29F482991F29C33B00972B69 /* ShowZone1ViewController.h */,
				29F4829A1F29C33B00972B69 /* ShowZone1ViewController.m */,
				29F4829B1F29C33B00972B69 /* ShowZone1ViewController.xib */,
				292D49311F18701200715017 /* ShowZoneViewController.h */,
				292D49321F18701200715017 /* ShowZoneViewController.m */,
			);
			name = "主页";
			sourceTree = "<group>";
		};
		BD3BB5201E4C406400BDD9CF /* 约 */ = {
			isa = PBXGroup;
			children = (
				BD3BB5211E4C40CC00BDD9CF /* yue_ViewController.h */,
				BD3BB5221E4C40CC00BDD9CF /* yue_ViewController.m */,
				29A0038A1E5AEDB50007A4DD /* yue_scrollView.h */,
				29A0038B1E5AEDB50007A4DD /* yue_scrollView.m */,
			);
			name = "约";
			sourceTree = "<group>";
		};
		BD66BE221DB8A98A00E4BD4E /* Frameworks */ = {
			isa = PBXGroup;
			children = (
				292500311F27311A0021270F /* UserNotifications.framework */,
				29532DB61E5BF45D00CBB8E5 /* QuartzCore.framework */,
				BD66BE3F1DB8B12400E4BD4E /* MessageUI.framework */,
				BD66BE3D1DB8B10100E4BD4E /* ImageIO.framework */,
				BD66BE3B1DB8B0FB00E4BD4E /* JavaScriptCore.framework */,
				BD66BE391DB8B0DF00E4BD4E /* libicucore.tbd */,
				BD66BE371DB8A9EC00E4BD4E /* AVFoundation.framework */,
				BD66BE351DB8A9E300E4BD4E /* AssetsLibrary.framework */,
				BD66BE331DB8A9DB00E4BD4E /* CoreLocation.framework */,
				BD66BE311DB8A9D400E4BD4E /* libz.tbd */,
				BD66BE2F1DB8A9CC00E4BD4E /* libstdc++.tbd */,
				BD66BE2D1DB8A9C200E4BD4E /* CoreTelephony.framework */,
				BD66BE2B1DB8A9B800E4BD4E /* libsqlite3.tbd */,
				BD66BE291DB8A9AE00E4BD4E /* CoreGraphics.framework */,
				BD66BE271DB8A9A000E4BD4E /* SystemConfiguration.framework */,
				BD66BE251DB8A99400E4BD4E /* libiconv.tbd */,
				BD66BE231DB8A98B00E4BD4E /* Security.framework */,
				965385CF518DAB551107FA8F /* libPods-MingTu.a */,
			);
			name = Frameworks;
			sourceTree = "<group>";
		};
		BD6770ED1E495BD200907B6A /* ViewController */ = {
			isa = PBXGroup;
			children = (
				29B49EEE1C881F1000B53C5C /* PersonalViewController.h */,
				29B49EEF1C881F1000B53C5C /* PersonalViewController.m */,
				BD6770F31E496A5C00907B6A /* personInformationViewController.h */,
				BD6770F41E496A5C00907B6A /* personInformationViewController.m */,
				BD6770FC1E49742700907B6A /* addFriendViewController.h */,
				BD6770FD1E49742700907B6A /* addFriendViewController.m */,
			);
			name = ViewController;
			sourceTree = "<group>";
		};
		BD6770EE1E495F1C00907B6A /* View */ = {
			isa = PBXGroup;
			children = (
				BD6770F01E49617100907B6A /* PersonalTableViewCell.h */,
				BD6770F11E49617100907B6A /* PersonalTableViewCell.m */,
			);
			name = View;
			sourceTree = "<group>";
		};
		BD6770EF1E495F2200907B6A /* Model */ = {
			isa = PBXGroup;
			children = (
				BD6770FF1E49A01900907B6A /* personModel.h */,
				BD6771001E49A01900907B6A /* personModel.m */,
			);
			name = Model;
			sourceTree = "<group>";
		};
		BD8CC7AE1E348C72009BF861 /* Lib */ = {
			isa = PBXGroup;
			children = (
				BD6770F61E49712A00907B6A /* ZZH_LoadingProject.h */,
				BD6770F71E49712A00907B6A /* ZZH_LoadingProject.m */,
				BD8CC9511E349022009BF861 /* AFNetworking */,
			);
			name = Lib;
			path = Support;
			sourceTree = "<group>";
		};
		BD8CC9511E349022009BF861 /* AFNetworking */ = {
			isa = PBXGroup;
			children = (
				BD8CC9521E349022009BF861 /* AFHTTPSessionManager.h */,
				BD8CC9531E349022009BF861 /* AFHTTPSessionManager.m */,
				BD8CC9541E349022009BF861 /* AFNetworking.h */,
				BD8CC9551E349022009BF861 /* AFNetworkReachabilityManager.h */,
				BD8CC9561E349022009BF861 /* AFNetworkReachabilityManager.m */,
				BD8CC9571E349022009BF861 /* AFSecurityPolicy.h */,
				BD8CC9581E349022009BF861 /* AFSecurityPolicy.m */,
				BD8CC9591E349022009BF861 /* AFURLRequestSerialization.h */,
				BD8CC95A1E349022009BF861 /* AFURLRequestSerialization.m */,
				BD8CC95B1E349022009BF861 /* AFURLResponseSerialization.h */,
				BD8CC95C1E349022009BF861 /* AFURLResponseSerialization.m */,
				BD8CC95D1E349022009BF861 /* AFURLSessionManager.h */,
				BD8CC95E1E349022009BF861 /* AFURLSessionManager.m */,
			);
			path = AFNetworking;
			sourceTree = "<group>";
		};
		BDFD0F191E34B2F4003030ED /* 无聊了 */ = {
			isa = PBXGroup;
			children = (
				BDFD0F1B1E34B305003030ED /* View */,
				BDFD0F1A1E34B2FD003030ED /* ViewController */,
			);
			name = "无聊了";
			sourceTree = "<group>";
		};
		BDFD0F1A1E34B2FD003030ED /* ViewController */ = {
			isa = PBXGroup;
			children = (
				BD832D2B1D3F4D8B00E8B7E5 /* exchangeViewController.h */,
				BD832D2C1D3F4D8B00E8B7E5 /* exchangeViewController.m */,
				BD3715421E4B172100B885EE /* selectPersonViewController.h */,
				BD3715431E4B172100B885EE /* selectPersonViewController.m */,
			);
			name = ViewController;
			sourceTree = "<group>";
		};
		BDFD0F1B1E34B305003030ED /* View */ = {
			isa = PBXGroup;
			children = (
				BDFD0F1C1E34B325003030ED /* boringTableViewCell.h */,
				BDFD0F1D1E34B325003030ED /* boringTableViewCell.m */,
			);
			name = View;
			sourceTree = "<group>";
		};
		C2173933E5885D1108E375D9 /* Pods */ = {
			isa = PBXGroup;
			children = (
				AA6576C12FB1A5BBFC794BD0 /* Pods-MingTu.debug.xcconfig */,
				A96D29A2D4C1FC7C7AE09FF3 /* Pods-MingTu.release.xcconfig */,
			);
			name = Pods;
			sourceTree = "<group>";
		};
/* End PBXGroup section */

/* Begin PBXNativeTarget section */
		29B49EB71C8804DE00B53C5C /* MingTu */ = {
			isa = PBXNativeTarget;
			buildConfigurationList = 29B49EE51C8804DE00B53C5C /* Build configuration list for PBXNativeTarget "MingTu" */;
			buildPhases = (
				CC6AE5A6C867160FE50B6972 /* [CP] Check Pods Manifest.lock */,
				29B49EB41C8804DE00B53C5C /* Sources */,
				29B49EB51C8804DE00B53C5C /* Frameworks */,
				29B49EB61C8804DE00B53C5C /* Resources */,
				E7634DBFC656F512E4576D19 /* [CP] Embed Pods Frameworks */,
				5CE42451575DE9D0577F49BA /* [CP] Copy Pods Resources */,
			);
			buildRules = (
			);
			dependencies = (
			);
			name = MingTu;
			productName = MingTu;
			productReference = 29B49EB81C8804DE00B53C5C /* MingTu.app */;
			productType = "com.apple.product-type.application";
		};
		29B49ED01C8804DE00B53C5C /* MingTuTests */ = {
			isa = PBXNativeTarget;
			buildConfigurationList = 29B49EE81C8804DE00B53C5C /* Build configuration list for PBXNativeTarget "MingTuTests" */;
			buildPhases = (
				29B49ECD1C8804DE00B53C5C /* Sources */,
				29B49ECE1C8804DE00B53C5C /* Frameworks */,
				29B49ECF1C8804DE00B53C5C /* Resources */,
			);
			buildRules = (
			);
			dependencies = (
				29B49ED31C8804DE00B53C5C /* PBXTargetDependency */,
			);
			name = MingTuTests;
			productName = MingTuTests;
			productReference = 29B49ED11C8804DE00B53C5C /* MingTuTests.xctest */;
			productType = "com.apple.product-type.bundle.unit-test";
		};
		29B49EDB1C8804DE00B53C5C /* MingTuUITests */ = {
			isa = PBXNativeTarget;
			buildConfigurationList = 29B49EEB1C8804DE00B53C5C /* Build configuration list for PBXNativeTarget "MingTuUITests" */;
			buildPhases = (
				29B49ED81C8804DE00B53C5C /* Sources */,
				29B49ED91C8804DE00B53C5C /* Frameworks */,
				29B49EDA1C8804DE00B53C5C /* Resources */,
			);
			buildRules = (
			);
			dependencies = (
				29B49EDE1C8804DE00B53C5C /* PBXTargetDependency */,
			);
			name = MingTuUITests;
			productName = MingTuUITests;
			productReference = 29B49EDC1C8804DE00B53C5C /* MingTuUITests.xctest */;
			productType = "com.apple.product-type.bundle.ui-testing";
		};
/* End PBXNativeTarget section */

/* Begin PBXProject section */
		29B49EB01C8804DE00B53C5C /* Project object */ = {
			isa = PBXProject;
			attributes = {
				LastUpgradeCheck = 0720;
				ORGANIZATIONNAME = zhangzhihua;
				TargetAttributes = {
					29B49EB71C8804DE00B53C5C = {
						CreatedOnToolsVersion = 7.2.1;
						DevelopmentTeam = 5YR3RP559Y;
						ProvisioningStyle = Automatic;
						SystemCapabilities = {
							com.apple.Push = {
								enabled = 1;
							};
						};
					};
					29B49ED01C8804DE00B53C5C = {
						CreatedOnToolsVersion = 7.2.1;
						TestTargetID = 29B49EB71C8804DE00B53C5C;
					};
					29B49EDB1C8804DE00B53C5C = {
						CreatedOnToolsVersion = 7.2.1;
						TestTargetID = 29B49EB71C8804DE00B53C5C;
					};
				};
			};
			buildConfigurationList = 29B49EB31C8804DE00B53C5C /* Build configuration list for PBXProject "MingTu" */;
			compatibilityVersion = "Xcode 3.2";
			developmentRegion = English;
			hasScannedForEncodings = 0;
			knownRegions = (
				en,
				Base,
			);
			mainGroup = 29B49EAF1C8804DE00B53C5C;
			productRefGroup = 29B49EB91C8804DE00B53C5C /* Products */;
			projectDirPath = "";
			projectRoot = "";
			targets = (
				29B49EB71C8804DE00B53C5C /* MingTu */,
				29B49ED01C8804DE00B53C5C /* MingTuTests */,
				29B49EDB1C8804DE00B53C5C /* MingTuUITests */,
			);
		};
/* End PBXProject section */

/* Begin PBXResourcesBuildPhase section */
		29B49EB61C8804DE00B53C5C /* Resources */ = {
			isa = PBXResourcesBuildPhase;
			buildActionMask = 2147483647;
			files = (
				298A5FB51C8D23C20056AF35 /* tabbar_discover@3x.png in Resources */,
				2923C01A1F283947000A5FA0 /* lh_qyc.mp4 in Resources */,
				29B49EF71C883D1F00B53C5C /* 小橘子2.jpg in Resources */,
				298A5FAF1C8D23B60056AF35 /* tabbar_meHL@3x.png in Resources */,
				BD36EA151E31FD8C0002D3CF /* renyeping2.png in Resources */,
				29B49ECB1C8804DE00B53C5C /* LaunchScreen.storyboard in Resources */,
				2923C0151F2837B0000A5FA0 /* zzh_gumu.mp4 in Resources */,
				29532DBE1E5BF4A500CBB8E5 /* 樱花瓣2.png in Resources */,
				BD705CE71D4A174D008B9A2A /* 水冰月.jpeg in Resources */,
				29B49EC81C8804DE00B53C5C /* Assets.xcassets in Resources */,
				29F482A81F29E1CA00972B69 /* SocialTableViewCell.xib in Resources */,
				298A5FAC1C8D23B60056AF35 /* tabbar_me@2x.png in Resources */,
				298A5FB41C8D23C20056AF35 /* tabbar_discover@2x.png in Resources */,
				29532DBD1E5BF4A500CBB8E5 /* 樱花瓣1.png in Resources */,
				BD36EA131E31FBB70002D3CF /* renyeping1.png in Resources */,
				298A5FCD1C8D77480056AF35 /* 视频placeholer.jpg in Resources */,
				BD36EA111E31F9870002D3CF /* renyeping.jpg in Resources */,
				298A5FB61C8D23C20056AF35 /* tabbar_discoverHL@2x.png in Resources */,
				298A5FC11C8D2FC30056AF35 /* back@2x.png in Resources */,
				298A5FB71C8D23C20056AF35 /* tabbar_discoverHL@3x.png in Resources */,
				29F4829D1F29C33B00972B69 /* ShowZone1ViewController.xib in Resources */,
				29B49EC61C8804DE00B53C5C /* Main.storyboard in Resources */,
				298A5FAD1C8D23B60056AF35 /* tabbar_me@3x.png in Resources */,
				29F482981F29995B00972B69 /* AVPlayerChatTableViewCell.xib in Resources */,
				298A5FAE1C8D23B60056AF35 /* tabbar_meHL@2x.png in Resources */,
				2923C01F1F287528000A5FA0 /* AVplayerDownView.xib in Resources */,
			);
			runOnlyForDeploymentPostprocessing = 0;
		};
		29B49ECF1C8804DE00B53C5C /* Resources */ = {
			isa = PBXResourcesBuildPhase;
			buildActionMask = 2147483647;
			files = (
			);
			runOnlyForDeploymentPostprocessing = 0;
		};
		29B49EDA1C8804DE00B53C5C /* Resources */ = {
			isa = PBXResourcesBuildPhase;
			buildActionMask = 2147483647;
			files = (
			);
			runOnlyForDeploymentPostprocessing = 0;
		};
/* End PBXResourcesBuildPhase section */

/* Begin PBXShellScriptBuildPhase section */
		5CE42451575DE9D0577F49BA /* [CP] Copy Pods Resources */ = {
			isa = PBXShellScriptBuildPhase;
			buildActionMask = 2147483647;
			files = (
			);
			inputPaths = (
				"${SRCROOT}/Pods/Target Support Files/Pods-MingTu/Pods-MingTu-resources.sh",
				"${PODS_ROOT}/IQKeyboardManager/IQKeyboardManager/Resources/IQKeyboardManager.bundle",
				"${PODS_ROOT}/MBProgressHUD+JDragon/MBProgressHUD+JDragon/MBProgressHUD+JDragon.bundle",
				"${PODS_ROOT}/UMengUShare/UShareSDK/UMSocialSDK/UMSocialSDKPromptResources.bundle",
				"${PODS_ROOT}/UMengUShare/UShareSDK/UMSocialUI/UMSocialSDKResources.bundle",
				"${PODS_ROOT}/ZFPlayer/ZFPlayer/ZFPlayer.bundle",
			);
			name = "[CP] Copy Pods Resources";
			outputPaths = (
				"${TARGET_BUILD_DIR}/${UNLOCALIZED_RESOURCES_FOLDER_PATH}",
			);
			runOnlyForDeploymentPostprocessing = 0;
			shellPath = /bin/sh;
			shellScript = "\"${SRCROOT}/Pods/Target Support Files/Pods-MingTu/Pods-MingTu-resources.sh\"\n";
			showEnvVarsInLog = 0;
		};
		CC6AE5A6C867160FE50B6972 /* [CP] Check Pods Manifest.lock */ = {
			isa = PBXShellScriptBuildPhase;
			buildActionMask = 2147483647;
			files = (
			);
			inputPaths = (
				"${PODS_PODFILE_DIR_PATH}/Podfile.lock",
				"${PODS_ROOT}/Manifest.lock",
			);
			name = "[CP] Check Pods Manifest.lock";
			outputPaths = (
				"$(DERIVED_FILE_DIR)/Pods-MingTu-checkManifestLockResult.txt",
			);
			runOnlyForDeploymentPostprocessing = 0;
			shellPath = /bin/sh;
			shellScript = "diff \"${PODS_PODFILE_DIR_PATH}/Podfile.lock\" \"${PODS_ROOT}/Manifest.lock\" > /dev/null\nif [ $? != 0 ] ; then\n    # print error to STDERR\n    echo \"error: The sandbox is not in sync with the Podfile.lock. Run 'pod install' or update your CocoaPods installation.\" >&2\n    exit 1\nfi\n# This output is used by Xcode 'outputs' to avoid re-running this script phase.\necho \"SUCCESS\" > \"${SCRIPT_OUTPUT_FILE_0}\"\n";
			showEnvVarsInLog = 0;
		};
		E7634DBFC656F512E4576D19 /* [CP] Embed Pods Frameworks */ = {
			isa = PBXShellScriptBuildPhase;
			buildActionMask = 2147483647;
			files = (
			);
			inputPaths = (
			);
			name = "[CP] Embed Pods Frameworks";
			outputPaths = (
			);
			runOnlyForDeploymentPostprocessing = 0;
			shellPath = /bin/sh;
			shellScript = "\"${SRCROOT}/Pods/Target Support Files/Pods-MingTu/Pods-MingTu-frameworks.sh\"\n";
			showEnvVarsInLog = 0;
		};
/* End PBXShellScriptBuildPhase section */

/* Begin PBXSourcesBuildPhase section */
		29B49EB41C8804DE00B53C5C /* Sources */ = {
			isa = PBXSourcesBuildPhase;
			buildActionMask = 2147483647;
			files = (
				BD3BB5231E4C40CC00BDD9CF /* yue_ViewController.m in Sources */,
				29F482971F29995B00972B69 /* AVPlayerChatTableViewCell.m in Sources */,
				294ABDAA1E6909FF003AEF0D /* lookBianViewController.m in Sources */,
				BD6770F51E496A5C00907B6A /* personInformationViewController.m in Sources */,
				298A5FC71C8D608F0056AF35 /* playVideoViewController.m in Sources */,
				29B49EC01C8804DE00B53C5C /* AppDelegate.m in Sources */,
				2939C6051E55BA1A00187BE3 /* smilenextViewController.m in Sources */,
				29CC5D7A1C8E7621003129DE /* player_model.m in Sources */,
				BD6770F21E49617100907B6A /* PersonalTableViewCell.m in Sources */,
				297295A81E683FBA00624F69 /* BianModel.m in Sources */,
				29B49EF01C881F1000B53C5C /* PersonalViewController.m in Sources */,
				BDFD0F1E1E34B325003030ED /* boringTableViewCell.m in Sources */,
				2923C0221F28835B000A5FA0 /* AVPlayerContentModel.m in Sources */,
				29F482A31F29DB0700972B69 /* SocialViewController.m in Sources */,
				2904614F1F0108AC009A5C86 /* SPeedMaxViewController.m in Sources */,
				BD832D2D1D3F4D8C00E8B7E5 /* exchangeViewController.m in Sources */,
				2939C5FD1E55853200187BE3 /* SmileViewController.m in Sources */,
				BD8CC95F1E349022009BF861 /* AFHTTPSessionManager.m in Sources */,
				298A5FD11C8D80460056AF35 /* video_model.m in Sources */,
				29532DC41E5C0FA300CBB8E5 /* SYLoadingLoopView.m in Sources */,
				BD8CC9601E349022009BF861 /* AFNetworkReachabilityManager.m in Sources */,
				294ABDAD1E690CF1003AEF0D /* showBianViewController.m in Sources */,
				29A0038C1E5AEDB50007A4DD /* yue_scrollView.m in Sources */,
				29B49EF31C881F1C00B53C5C /* MainViewController.m in Sources */,
				2923C0251F2883B1000A5FA0 /* AVPlayerTableViewDelegateAndDataSource.m in Sources */,
				BD6770FE1E49742700907B6A /* addFriendViewController.m in Sources */,
				29B49F0F1C884E2000B53C5C /* UIView+Layout.m in Sources */,
				BD8CC9641E349022009BF861 /* AFURLSessionManager.m in Sources */,
				BD8CC9631E349022009BF861 /* AFURLResponseSerialization.m in Sources */,
				298A5FCB1C8D744A0056AF35 /* main_cell.m in Sources */,
				298A5FBC1C8D2B420056AF35 /* showWebViewController.m in Sources */,
				BD8CC9621E349022009BF861 /* AFURLRequestSerialization.m in Sources */,
				2923C01D1F287501000A5FA0 /* AVplayerDownView.m in Sources */,
				2939C6021E55A0D700187BE3 /* smileModel.m in Sources */,
				29F4829C1F29C33B00972B69 /* ShowZone1ViewController.m in Sources */,
				BD8CC9611E349022009BF861 /* AFSecurityPolicy.m in Sources */,
				29F482A71F29E1CA00972B69 /* SocialTableViewCell.m in Sources */,
				2923C0131F282A2D000A5FA0 /* AVPlayerViewController1.m in Sources */,
				292D49331F18701200715017 /* ShowZoneViewController.m in Sources */,
				298A5FC41C8D306E0056AF35 /* videoViewController.m in Sources */,
				BD3715441E4B172100B885EE /* selectPersonViewController.m in Sources */,
				297295A41E68348000624F69 /* BianBianViewController.m in Sources */,
				BD6771011E49A01900907B6A /* personModel.m in Sources */,
				361C74441F07AFBE00D19B5A /* SpeedSecondViewController.m in Sources */,
				BD6770F81E49712A00907B6A /* ZZH_LoadingProject.m in Sources */,
				29B49EBD1C8804DE00B53C5C /* main.m in Sources */,
				29CC5D771C8E74FC003129DE /* playerViewController.m in Sources */,
			);
			runOnlyForDeploymentPostprocessing = 0;
		};
		29B49ECD1C8804DE00B53C5C /* Sources */ = {
			isa = PBXSourcesBuildPhase;
			buildActionMask = 2147483647;
			files = (
				29B49ED61C8804DE00B53C5C /* MingTuTests.m in Sources */,
			);
			runOnlyForDeploymentPostprocessing = 0;
		};
		29B49ED81C8804DE00B53C5C /* Sources */ = {
			isa = PBXSourcesBuildPhase;
			buildActionMask = 2147483647;
			files = (
				29B49EE11C8804DE00B53C5C /* MingTuUITests.m in Sources */,
			);
			runOnlyForDeploymentPostprocessing = 0;
		};
/* End PBXSourcesBuildPhase section */

/* Begin PBXTargetDependency section */
		29B49ED31C8804DE00B53C5C /* PBXTargetDependency */ = {
			isa = PBXTargetDependency;
			target = 29B49EB71C8804DE00B53C5C /* MingTu */;
			targetProxy = 29B49ED21C8804DE00B53C5C /* PBXContainerItemProxy */;
		};
		29B49EDE1C8804DE00B53C5C /* PBXTargetDependency */ = {
			isa = PBXTargetDependency;
			target = 29B49EB71C8804DE00B53C5C /* MingTu */;
			targetProxy = 29B49EDD1C8804DE00B53C5C /* PBXContainerItemProxy */;
		};
/* End PBXTargetDependency section */

/* Begin PBXVariantGroup section */
		29B49EC41C8804DE00B53C5C /* Main.storyboard */ = {
			isa = PBXVariantGroup;
			children = (
				29B49EC51C8804DE00B53C5C /* Base */,
			);
			name = Main.storyboard;
			sourceTree = "<group>";
		};
		29B49EC91C8804DE00B53C5C /* LaunchScreen.storyboard */ = {
			isa = PBXVariantGroup;
			children = (
				29B49ECA1C8804DE00B53C5C /* Base */,
			);
			name = LaunchScreen.storyboard;
			sourceTree = "<group>";
		};
/* End PBXVariantGroup section */

/* Begin XCBuildConfiguration section */
		29B49EE31C8804DE00B53C5C /* Debug */ = {
			isa = XCBuildConfiguration;
			buildSettings = {
				ALWAYS_SEARCH_USER_PATHS = NO;
				ARCHS = "$(ARCHS_STANDARD_32_BIT)";
				CLANG_CXX_LANGUAGE_STANDARD = "gnu++0x";
				CLANG_CXX_LIBRARY = "libc++";
				CLANG_ENABLE_MODULES = YES;
				CLANG_ENABLE_OBJC_ARC = YES;
				CLANG_WARN_BOOL_CONVERSION = YES;
				CLANG_WARN_CONSTANT_CONVERSION = YES;
				CLANG_WARN_DIRECT_OBJC_ISA_USAGE = YES_ERROR;
				CLANG_WARN_EMPTY_BODY = YES;
				CLANG_WARN_ENUM_CONVERSION = YES;
				CLANG_WARN_INT_CONVERSION = YES;
				CLANG_WARN_OBJC_ROOT_CLASS = YES_ERROR;
				CLANG_WARN_UNREACHABLE_CODE = YES;
				CLANG_WARN__DUPLICATE_METHOD_MATCH = YES;
				CODE_SIGN_IDENTITY = "iPhone Developer";
				"CODE_SIGN_IDENTITY[sdk=iphoneos*]" = "iPhone Developer";
				COPY_PHASE_STRIP = NO;
				DEBUG_INFORMATION_FORMAT = dwarf;
				ENABLE_BITCODE = NO;
				ENABLE_STRICT_OBJC_MSGSEND = YES;
				ENABLE_TESTABILITY = YES;
				GCC_C_LANGUAGE_STANDARD = gnu99;
				GCC_DYNAMIC_NO_PIC = NO;
				GCC_NO_COMMON_BLOCKS = YES;
				GCC_OPTIMIZATION_LEVEL = 0;
				GCC_PREPROCESSOR_DEFINITIONS = (
					"DEBUG=1",
					"$(inherited)",
				);
				GCC_WARN_64_TO_32_BIT_CONVERSION = YES;
				GCC_WARN_ABOUT_RETURN_TYPE = YES_ERROR;
				GCC_WARN_UNDECLARED_SELECTOR = YES;
				GCC_WARN_UNINITIALIZED_AUTOS = YES_AGGRESSIVE;
				GCC_WARN_UNUSED_FUNCTION = YES;
				GCC_WARN_UNUSED_VARIABLE = YES;
				IPHONEOS_DEPLOYMENT_TARGET = 8.1;
				MTL_ENABLE_DEBUG_INFO = YES;
				ONLY_ACTIVE_ARCH = NO;
				PROVISIONING_PROFILE = "ce7cbc45-1863-4cbb-b3c7-ffe7c038baec";
				SDKROOT = iphoneos10.2;
				VALID_ARCHS = "armv7 armv7s arm64";
			};
			name = Debug;
		};
		29B49EE41C8804DE00B53C5C /* Release */ = {
			isa = XCBuildConfiguration;
			buildSettings = {
				ALWAYS_SEARCH_USER_PATHS = NO;
				ARCHS = "$(ARCHS_STANDARD_32_BIT)";
				CLANG_CXX_LANGUAGE_STANDARD = "gnu++0x";
				CLANG_CXX_LIBRARY = "libc++";
				CLANG_ENABLE_MODULES = YES;
				CLANG_ENABLE_OBJC_ARC = YES;
				CLANG_WARN_BOOL_CONVERSION = YES;
				CLANG_WARN_CONSTANT_CONVERSION = YES;
				CLANG_WARN_DIRECT_OBJC_ISA_USAGE = YES_ERROR;
				CLANG_WARN_EMPTY_BODY = YES;
				CLANG_WARN_ENUM_CONVERSION = YES;
				CLANG_WARN_INT_CONVERSION = YES;
				CLANG_WARN_OBJC_ROOT_CLASS = YES_ERROR;
				CLANG_WARN_UNREACHABLE_CODE = YES;
				CLANG_WARN__DUPLICATE_METHOD_MATCH = YES;
				CODE_SIGN_IDENTITY = "iPhone Developer";
				"CODE_SIGN_IDENTITY[sdk=iphoneos*]" = "iPhone Developer";
				COPY_PHASE_STRIP = NO;
				DEBUG_INFORMATION_FORMAT = "dwarf-with-dsym";
				ENABLE_BITCODE = NO;
				ENABLE_NS_ASSERTIONS = NO;
				ENABLE_STRICT_OBJC_MSGSEND = YES;
				GCC_C_LANGUAGE_STANDARD = gnu99;
				GCC_NO_COMMON_BLOCKS = YES;
				GCC_WARN_64_TO_32_BIT_CONVERSION = YES;
				GCC_WARN_ABOUT_RETURN_TYPE = YES_ERROR;
				GCC_WARN_UNDECLARED_SELECTOR = YES;
				GCC_WARN_UNINITIALIZED_AUTOS = YES_AGGRESSIVE;
				GCC_WARN_UNUSED_FUNCTION = YES;
				GCC_WARN_UNUSED_VARIABLE = YES;
				IPHONEOS_DEPLOYMENT_TARGET = 8.1;
				MTL_ENABLE_DEBUG_INFO = NO;
				ONLY_ACTIVE_ARCH = NO;
				PROVISIONING_PROFILE = "ce7cbc45-1863-4cbb-b3c7-ffe7c038baec";
				SDKROOT = iphoneos10.2;
				VALIDATE_PRODUCT = YES;
				VALID_ARCHS = "armv7 armv7s arm64";
			};
			name = Release;
		};
		29B49EE61C8804DE00B53C5C /* Debug */ = {
			isa = XCBuildConfiguration;
			baseConfigurationReference = AA6576C12FB1A5BBFC794BD0 /* Pods-MingTu.debug.xcconfig */;
			buildSettings = {
				ARCHS = "$(ARCHS_STANDARD)";
				ASSETCATALOG_COMPILER_APPICON_NAME = AppIcon;
				ASSETCATALOG_COMPILER_LAUNCHIMAGE_NAME = LaunchImage;
				CODE_SIGN_ENTITLEMENTS = MingTu/MingTu.entitlements;
				CODE_SIGN_IDENTITY = "iPhone Developer";
				"CODE_SIGN_IDENTITY[sdk=iphoneos*]" = "iPhone Developer";
				DEVELOPMENT_TEAM = 5YR3RP559Y;
				ENABLE_BITCODE = NO;
				FRAMEWORK_SEARCH_PATHS = (
					"$(inherited)",
					"$(PROJECT_DIR)",
					"$(PROJECT_DIR)/Support/Optional",
					"$(PROJECT_DIR)/Support/PlatformSDK/QQSDK",
					"$(PROJECT_DIR)/Support/Required",
				);
				INFOPLIST_FILE = MingTu/Info.plist;
				IPHONEOS_DEPLOYMENT_TARGET = 8.1;
				LD_RUNPATH_SEARCH_PATHS = "$(inherited) @executable_path/Frameworks";
				LIBRARY_SEARCH_PATHS = (
					"$(inherited)",
					"$(PROJECT_DIR)/Support/PlatformSDK/SinaWeiboSDK",
					"$(PROJECT_DIR)/Support/PlatformSDK/WeChatSDK",
					"$(PROJECT_DIR)/UMessage_Sdk_1.5.0",
				);
				ONLY_ACTIVE_ARCH = YES;
				PRODUCT_BUNDLE_IDENTIFIER = mingtu;
				PRODUCT_NAME = "$(TARGET_NAME)";
				PROVISIONING_PROFILE = "";
				PROVISIONING_PROFILE_SPECIFIER = "";
				SDKROOT = iphoneos;
				TARGETED_DEVICE_FAMILY = 1;
				VALID_ARCHS = "armv7 armv7s arm64";
			};
			name = Debug;
		};
		29B49EE71C8804DE00B53C5C /* Release */ = {
			isa = XCBuildConfiguration;
			baseConfigurationReference = A96D29A2D4C1FC7C7AE09FF3 /* Pods-MingTu.release.xcconfig */;
			buildSettings = {
				ARCHS = "$(ARCHS_STANDARD)";
				ASSETCATALOG_COMPILER_APPICON_NAME = AppIcon;
				ASSETCATALOG_COMPILER_LAUNCHIMAGE_NAME = LaunchImage;
				CODE_SIGN_ENTITLEMENTS = MingTu/MingTu.entitlements;
				CODE_SIGN_IDENTITY = "iPhone Developer";
				"CODE_SIGN_IDENTITY[sdk=iphoneos*]" = "iPhone Developer";
				DEVELOPMENT_TEAM = 5YR3RP559Y;
				ENABLE_BITCODE = NO;
				FRAMEWORK_SEARCH_PATHS = (
					"$(inherited)",
					"$(PROJECT_DIR)",
					"$(PROJECT_DIR)/Support/Optional",
					"$(PROJECT_DIR)/Support/PlatformSDK/QQSDK",
					"$(PROJECT_DIR)/Support/Required",
				);
				INFOPLIST_FILE = MingTu/Info.plist;
				IPHONEOS_DEPLOYMENT_TARGET = 8.1;
				LD_RUNPATH_SEARCH_PATHS = "$(inherited) @executable_path/Frameworks";
				LIBRARY_SEARCH_PATHS = (
					"$(inherited)",
					"$(PROJECT_DIR)/Support/PlatformSDK/SinaWeiboSDK",
					"$(PROJECT_DIR)/Support/PlatformSDK/WeChatSDK",
					"$(PROJECT_DIR)/UMessage_Sdk_1.5.0",
				);
				PRODUCT_BUNDLE_IDENTIFIER = mingtu;
				PRODUCT_NAME = "$(TARGET_NAME)";
				PROVISIONING_PROFILE = "";
				PROVISIONING_PROFILE_SPECIFIER = "";
				SDKROOT = iphoneos;
				TARGETED_DEVICE_FAMILY = 1;
				VALID_ARCHS = "armv7 armv7s arm64";
			};
			name = Release;
		};
		29B49EE91C8804DE00B53C5C /* Debug */ = {
			isa = XCBuildConfiguration;
			buildSettings = {
				BUNDLE_LOADER = "$(TEST_HOST)";
				INFOPLIST_FILE = MingTuTests/Info.plist;
				LD_RUNPATH_SEARCH_PATHS = "$(inherited) @executable_path/Frameworks @loader_path/Frameworks";
				PRODUCT_BUNDLE_IDENTIFIER = "-.MingTuTests";
				PRODUCT_NAME = "$(TARGET_NAME)";
				TEST_HOST = "$(BUILT_PRODUCTS_DIR)/MingTu.app/MingTu";
			};
			name = Debug;
		};
		29B49EEA1C8804DE00B53C5C /* Release */ = {
			isa = XCBuildConfiguration;
			buildSettings = {
				BUNDLE_LOADER = "$(TEST_HOST)";
				INFOPLIST_FILE = MingTuTests/Info.plist;
				LD_RUNPATH_SEARCH_PATHS = "$(inherited) @executable_path/Frameworks @loader_path/Frameworks";
				PRODUCT_BUNDLE_IDENTIFIER = "-.MingTuTests";
				PRODUCT_NAME = "$(TARGET_NAME)";
				TEST_HOST = "$(BUILT_PRODUCTS_DIR)/MingTu.app/MingTu";
			};
			name = Release;
		};
		29B49EEC1C8804DE00B53C5C /* Debug */ = {
			isa = XCBuildConfiguration;
			buildSettings = {
				INFOPLIST_FILE = MingTuUITests/Info.plist;
				LD_RUNPATH_SEARCH_PATHS = "$(inherited) @executable_path/Frameworks @loader_path/Frameworks";
				PRODUCT_BUNDLE_IDENTIFIER = "-.MingTuUITests";
				PRODUCT_NAME = "$(TARGET_NAME)";
				TEST_TARGET_NAME = MingTu;
				USES_XCTRUNNER = YES;
			};
			name = Debug;
		};
		29B49EED1C8804DE00B53C5C /* Release */ = {
			isa = XCBuildConfiguration;
			buildSettings = {
				INFOPLIST_FILE = MingTuUITests/Info.plist;
				LD_RUNPATH_SEARCH_PATHS = "$(inherited) @executable_path/Frameworks @loader_path/Frameworks";
				PRODUCT_BUNDLE_IDENTIFIER = "-.MingTuUITests";
				PRODUCT_NAME = "$(TARGET_NAME)";
				TEST_TARGET_NAME = MingTu;
				USES_XCTRUNNER = YES;
			};
			name = Release;
		};
/* End XCBuildConfiguration section */

/* Begin XCConfigurationList section */
		29B49EB31C8804DE00B53C5C /* Build configuration list for PBXProject "MingTu" */ = {
			isa = XCConfigurationList;
			buildConfigurations = (
				29B49EE31C8804DE00B53C5C /* Debug */,
				29B49EE41C8804DE00B53C5C /* Release */,
			);
			defaultConfigurationIsVisible = 0;
			defaultConfigurationName = Release;
		};
		29B49EE51C8804DE00B53C5C /* Build configuration list for PBXNativeTarget "MingTu" */ = {
			isa = XCConfigurationList;
			buildConfigurations = (
				29B49EE61C8804DE00B53C5C /* Debug */,
				29B49EE71C8804DE00B53C5C /* Release */,
			);
			defaultConfigurationIsVisible = 0;
			defaultConfigurationName = Release;
		};
		29B49EE81C8804DE00B53C5C /* Build configuration list for PBXNativeTarget "MingTuTests" */ = {
			isa = XCConfigurationList;
			buildConfigurations = (
				29B49EE91C8804DE00B53C5C /* Debug */,
				29B49EEA1C8804DE00B53C5C /* Release */,
			);
			defaultConfigurationIsVisible = 0;
			defaultConfigurationName = Release;
		};
		29B49EEB1C8804DE00B53C5C /* Build configuration list for PBXNativeTarget "MingTuUITests" */ = {
			isa = XCConfigurationList;
			buildConfigurations = (
				29B49EEC1C8804DE00B53C5C /* Debug */,
				29B49EED1C8804DE00B53C5C /* Release */,
			);
			defaultConfigurationIsVisible = 0;
			defaultConfigurationName = Release;
		};
/* End XCConfigurationList section */
	};
	rootObject = 29B49EB01C8804DE00B53C5C /* Project object */;
}
